
Microsoft Visual Studio Solution File, Format Version 12.00
# Visual Studio Version 17
VisualStudioVersion = 17.8.34330.188
MinimumVisualStudioVersion = 10.0.40219.1
Project("{9A19103F-16F7-4668-BE54-9A1E7A4F7556}") = "P01-SquaresInMatrix", "P01-SquaresInMatrix\P01-SquaresInMatrix.csproj", "{BCD50DFC-15AB-48B8-B827-302795DCF70E}"
EndProject
Project("{9A19103F-16F7-4668-BE54-9A1E7A4F7556}") = "P02-MatrixShuffling", "P02-MatrixShuffling\P02-MatrixShuffling.csproj", "{F8993E0E-B892-4C8F-B738-B8CC7D70AB8B}"
EndProject
Project("{9A19103F-16F7-4668-BE54-9A1E7A4F7556}") = "P03-Zad26(DZI-2022)", "P03-Zad26(DZI-2022)\P03-Zad26(DZI-2022).csproj", "{9D420FB2-AB0D-4866-8676-109F5D948D9F}"
EndProject
Project("{9A19103F-16F7-4668-BE54-9A1E7A4F7556}") = "P04-Zad28(DZI-Aug2022)", "P04-Zad28(DZI-Aug2022)\P04-Zad28(DZI-Aug2022).csproj", "{9671DBB8-1F6C-46D9-911B-8B8883E3B92C}"
EndProject
Project("{FAE04EC0-301F-11D3-BF4B-00C04F79EFBC}") = "P05-Brackets", "P05-Brackets\P05-Brackets.csproj", "{55D14B45-A39D-4055-8810-466548F05A03}"
EndProject
Global
	GlobalSection(SolutionConfigurationPlatforms) = preSolution
		Debug|Any CPU = Debug|Any CPU
		Release|Any CPU = Release|Any CPU
	EndGlobalSection
	GlobalSection(ProjectConfigurationPlatforms) = postSolution
		{BCD50DFC-15AB-48B8-B827-302795DCF70E}.Debug|Any CPU.ActiveCfg = Debug|Any CPU
		{BCD50DFC-15AB-48B8-B827-302795DCF70E}.Debug|Any CPU.Build.0 = Debug|Any CPU
		{BCD50DFC-15AB-48B8-B827-302795DCF70E}.Release|Any CPU.ActiveCfg = Release|Any CPU
		{BCD50DFC-15AB-48B8-B827-302795DCF70E}.Release|Any CPU.Build.0 = Release|Any CPU
		{F8993E0E-B892-4C8F-B738-B8CC7D70AB8B}.Debug|Any CPU.ActiveCfg = Debug|Any CPU
		{F8993E0E-B892-4C8F-B738-B8CC7D70AB8B}.Debug|Any CPU.Build.0 = Debug|Any CPU
		{F8993E0E-B892-4C8F-B738-B8CC7D70AB8B}.Release|Any CPU.ActiveCfg = Release|Any CPU
		{F8993E0E-B892-4C8F-B738-B8CC7D70AB8B}.Release|Any CPU.Build.0 = Release|Any CPU
		{9D420FB2-AB0D-4866-8676-109F5D948D9F}.Debug|Any CPU.ActiveCfg = Debug|Any CPU
		{9D420FB2-AB0D-4866-8676-109F5D948D9F}.Debug|Any CPU.Build.0 = Debug|Any CPU
		{9D420FB2-AB0D-4866-8676-109F5D948D9F}.Release|Any CPU.ActiveCfg = Release|Any CPU
		{9D420FB2-AB0D-4866-8676-109F5D948D9F}.Release|Any CPU.Build.0 = Release|Any CPU
		{9671DBB8-1F6C-46D9-911B-8B8883E3B92C}.Debug|Any CPU.ActiveCfg = Debug|Any CPU
		{9671DBB8-1F6C-46D9-911B-8B8883E3B92C}.Debug|Any CPU.Build.0 = Debug|Any CPU
		{9671DBB8-1F6C-46D9-911B-8B8883E3B92C}.Release|Any CPU.ActiveCfg = Release|Any CPU
		{9671DBB8-1F6C-46D9-911B-8B8883E3B92C}.Release|Any CPU.Build.0 = Release|Any CPU
		{55D14B45-A39D-4055-8810-466548F05A03}.Debug|Any CPU.ActiveCfg = Debug|Any CPU
		{55D14B45-A39D-4055-8810-466548F05A03}.Debug|Any CPU.Build.0 = Debug|Any CPU
		{55D14B45-A39D-4055-8810-466548F05A03}.Release|Any CPU.ActiveCfg = Release|Any CPU
		{55D14B45-A39D-4055-8810-466548F05A03}.Release|Any CPU.Build.0 = Release|Any CPU
	EndGlobalSection
	GlobalSection(SolutionProperties) = preSolution
		HideSolutionNode = FALSE
	EndGlobalSection
	GlobalSection(ExtensibilityGlobals) = postSolution
		SolutionGuid = {71202E22-A58B-464D-AD5A-985EE308A0B5}
	EndGlobalSection
EndGlobal
