
Microsoft Visual Studio Solution File, Format Version 12.00
# Visual Studio Version 17
VisualStudioVersion = 17.8.34330.188
MinimumVisualStudioVersion = 10.0.40219.1
Project("{9A19103F-16F7-4668-BE54-9A1E7A4F7556}") = "P01-SquaresInMatrix", "P01-SquaresInMatrix\P01-SquaresInMatrix.csproj", "{BCD50DFC-15AB-48B8-B827-302795DCF70E}"
EndProject
Project("{9A19103F-16F7-4668-BE54-9A1E7A4F7556}") = "P02-MatrixShuffling", "P02-MatrixShuffling\P02-MatrixShuffling.csproj", "{F8993E0E-B892-4C8F-B738-B8CC7D70AB8B}"
EndProject
Project("{9A19103F-16F7-4668-BE54-9A1E7A4F7556}") = "P03-Zad26(DZI-2022)", "P03-Zad26(DZI-2022)\P03-Zad26(DZI-2022).csproj", "{9D420FB2-AB0D-4866-8676-109F5D948D9F}"
EndProject
Project("{9A19103F-16F7-4668-BE54-9A1E7A4F7556}") = "P04-Zad28(DZI-Aug2022)", "P04-Zad28(DZI-Aug2022)\P04-Zad28(DZI-Aug2022).csproj", "{9671DBB8-1F6C-46D9-911B-8B8883E3B92C}"
EndProject
Project("{9A19103F-16F7-4668-BE54-9A1E7A4F7556}") = "P05-Brackets", "P05-Brackets\P05-Brackets.csproj", "{55D14B45-A39D-4055-8810-466548F05A03}"
EndProject
Project("{9A19103F-16F7-4668-BE54-9A1E7A4F7556}") = "P06-Palindrome", "P06-Palindrome\P06-Palindrome.csproj", "{DEF37137-28F8-4398-8F1F-9A3DA014D474}"
EndProject
Project("{9A19103F-16F7-4668-BE54-9A1E7A4F7556}") = "P07-PaymentSystem", "P07-PaymentSystem\P07-PaymentSystem.csproj", "{99A31025-ED92-4610-BEE2-2358C2E0B2E8}"
EndProject
Project("{9A19103F-16F7-4668-BE54-9A1E7A4F7556}") = "P08-CoffeeShop", "P08-CoffeeShop\P08-CoffeeShop.csproj", "{6FB5ABCB-6F6A-4A50-B44C-E1A04183F527}"
EndProject
Project("{9A19103F-16F7-4668-BE54-9A1E7A4F7556}") = "P09-RandomAlgorithms", "P09-RandomAlgorithms\P09-RandomAlgorithms.csproj", "{D0EC4D3D-8934-422D-B667-8FFEA9479569}"
EndProject
Project("{9A19103F-16F7-4668-BE54-9A1E7A4F7556}") = "P10-Brackets", "P10-Brackets\P10-Brackets.csproj", "{953521BD-F1BD-47F6-9BE0-05C14456302D}"
EndProject
Project("{9A19103F-16F7-4668-BE54-9A1E7A4F7556}") = "P11-Crossroads", "P11-Crossroads\P11-Crossroads.csproj", "{176955F0-321C-4DD8-9161-928CFA90CEF2}"
EndProject
Project("{9A19103F-16F7-4668-BE54-9A1E7A4F7556}") = "P11-DZi(25zad)", "P11-DZi(25zad)\P11-DZi(25zad).csproj", "{72D65BE2-1EB6-4E6A-9AE5-8C872F6AC4F1}"
EndProject
Project("{9A19103F-16F7-4668-BE54-9A1E7A4F7556}") = "P12-DZI(zad26)", "P12-DZI(zad26)\P12-DZI(zad26).csproj", "{1BAEACDF-9702-48AE-945B-27E07712F956}"
EndProject
Project("{9A19103F-16F7-4668-BE54-9A1E7A4F7556}") = "P13-SumOfSeconds", "P13-SumOfSeconds\P13-SumOfSeconds.csproj", "{98BF5C31-D8D2-4BF3-964A-9F92F8D0736D}"
EndProject
Project("{9A19103F-16F7-4668-BE54-9A1E7A4F7556}") = "P14-ExamTime", "P14-ExamTime\P14-ExamTime.csproj", "{BE89FEE0-0015-439B-8199-80811561D74A}"
EndProject
Project("{9A19103F-16F7-4668-BE54-9A1E7A4F7556}") = "P15-VowelsSum", "P15-VowelsSum\P15-VowelsSum.csproj", "{A79A5BAB-24E8-4782-995A-939A0A461C17}"
EndProject
Project("{9A19103F-16F7-4668-BE54-9A1E7A4F7556}") = "P16-BuildingOfApartmentsAndOffices", "P16-BuildingOfApartmentsAndOffices\P16-BuildingOfApartmentsAndOffices.csproj", "{DFD5216F-35BD-46E1-A48C-16C4B591928B}"
EndProject
Project("{9A19103F-16F7-4668-BE54-9A1E7A4F7556}") = "P17-PrintTriangle", "P17-PrintTriangle\P17-PrintTriangle.csproj", "{925A1151-42FC-4BC0-A521-59AE50511316}"
EndProject
Project("{9A19103F-16F7-4668-BE54-9A1E7A4F7556}") = "P18-AntiqueBookstore(OOP)", "P18-AntiqueBookstore(OOP)\P18-AntiqueBookstore(OOP).csproj", "{597897C0-0ED1-4202-B8D2-A1DEB3E95B34}"
EndProject
Project("{FAE04EC0-301F-11D3-BF4B-00C04F79EFBC}") = "P19-Registration", "P19-Registration\P19-Registration.csproj", "{587DB638-3B02-4606-85E8-4DE89EE2945D}"
EndProject
Project("{FAE04EC0-301F-11D3-BF4B-00C04F79EFBC}") = "P20-TheImitationGame", "P20-TheImitationGame\P20-TheImitationGame.csproj", "{E776DF2A-B216-4778-BED8-8800D79D424D}"
EndProject
Global
	GlobalSection(SolutionConfigurationPlatforms) = preSolution
		Debug|Any CPU = Debug|Any CPU
		Release|Any CPU = Release|Any CPU
	EndGlobalSection
	GlobalSection(ProjectConfigurationPlatforms) = postSolution
		{BCD50DFC-15AB-48B8-B827-302795DCF70E}.Debug|Any CPU.ActiveCfg = Debug|Any CPU
		{BCD50DFC-15AB-48B8-B827-302795DCF70E}.Debug|Any CPU.Build.0 = Debug|Any CPU
		{BCD50DFC-15AB-48B8-B827-302795DCF70E}.Release|Any CPU.ActiveCfg = Release|Any CPU
		{BCD50DFC-15AB-48B8-B827-302795DCF70E}.Release|Any CPU.Build.0 = Release|Any CPU
		{F8993E0E-B892-4C8F-B738-B8CC7D70AB8B}.Debug|Any CPU.ActiveCfg = Debug|Any CPU
		{F8993E0E-B892-4C8F-B738-B8CC7D70AB8B}.Debug|Any CPU.Build.0 = Debug|Any CPU
		{F8993E0E-B892-4C8F-B738-B8CC7D70AB8B}.Release|Any CPU.ActiveCfg = Release|Any CPU
		{F8993E0E-B892-4C8F-B738-B8CC7D70AB8B}.Release|Any CPU.Build.0 = Release|Any CPU
		{9D420FB2-AB0D-4866-8676-109F5D948D9F}.Debug|Any CPU.ActiveCfg = Debug|Any CPU
		{9D420FB2-AB0D-4866-8676-109F5D948D9F}.Debug|Any CPU.Build.0 = Debug|Any CPU
		{9D420FB2-AB0D-4866-8676-109F5D948D9F}.Release|Any CPU.ActiveCfg = Release|Any CPU
		{9D420FB2-AB0D-4866-8676-109F5D948D9F}.Release|Any CPU.Build.0 = Release|Any CPU
		{9671DBB8-1F6C-46D9-911B-8B8883E3B92C}.Debug|Any CPU.ActiveCfg = Debug|Any CPU
		{9671DBB8-1F6C-46D9-911B-8B8883E3B92C}.Debug|Any CPU.Build.0 = Debug|Any CPU
		{9671DBB8-1F6C-46D9-911B-8B8883E3B92C}.Release|Any CPU.ActiveCfg = Release|Any CPU
		{9671DBB8-1F6C-46D9-911B-8B8883E3B92C}.Release|Any CPU.Build.0 = Release|Any CPU
		{55D14B45-A39D-4055-8810-466548F05A03}.Debug|Any CPU.ActiveCfg = Debug|Any CPU
		{55D14B45-A39D-4055-8810-466548F05A03}.Debug|Any CPU.Build.0 = Debug|Any CPU
		{55D14B45-A39D-4055-8810-466548F05A03}.Release|Any CPU.ActiveCfg = Release|Any CPU
		{55D14B45-A39D-4055-8810-466548F05A03}.Release|Any CPU.Build.0 = Release|Any CPU
		{DEF37137-28F8-4398-8F1F-9A3DA014D474}.Debug|Any CPU.ActiveCfg = Debug|Any CPU
		{DEF37137-28F8-4398-8F1F-9A3DA014D474}.Debug|Any CPU.Build.0 = Debug|Any CPU
		{DEF37137-28F8-4398-8F1F-9A3DA014D474}.Release|Any CPU.ActiveCfg = Release|Any CPU
		{DEF37137-28F8-4398-8F1F-9A3DA014D474}.Release|Any CPU.Build.0 = Release|Any CPU
		{99A31025-ED92-4610-BEE2-2358C2E0B2E8}.Debug|Any CPU.ActiveCfg = Debug|Any CPU
		{99A31025-ED92-4610-BEE2-2358C2E0B2E8}.Debug|Any CPU.Build.0 = Debug|Any CPU
		{99A31025-ED92-4610-BEE2-2358C2E0B2E8}.Release|Any CPU.ActiveCfg = Release|Any CPU
		{99A31025-ED92-4610-BEE2-2358C2E0B2E8}.Release|Any CPU.Build.0 = Release|Any CPU
		{6FB5ABCB-6F6A-4A50-B44C-E1A04183F527}.Debug|Any CPU.ActiveCfg = Debug|Any CPU
		{6FB5ABCB-6F6A-4A50-B44C-E1A04183F527}.Debug|Any CPU.Build.0 = Debug|Any CPU
		{6FB5ABCB-6F6A-4A50-B44C-E1A04183F527}.Release|Any CPU.ActiveCfg = Release|Any CPU
		{6FB5ABCB-6F6A-4A50-B44C-E1A04183F527}.Release|Any CPU.Build.0 = Release|Any CPU
		{D0EC4D3D-8934-422D-B667-8FFEA9479569}.Debug|Any CPU.ActiveCfg = Debug|Any CPU
		{D0EC4D3D-8934-422D-B667-8FFEA9479569}.Debug|Any CPU.Build.0 = Debug|Any CPU
		{D0EC4D3D-8934-422D-B667-8FFEA9479569}.Release|Any CPU.ActiveCfg = Release|Any CPU
		{D0EC4D3D-8934-422D-B667-8FFEA9479569}.Release|Any CPU.Build.0 = Release|Any CPU
		{953521BD-F1BD-47F6-9BE0-05C14456302D}.Debug|Any CPU.ActiveCfg = Debug|Any CPU
		{953521BD-F1BD-47F6-9BE0-05C14456302D}.Debug|Any CPU.Build.0 = Debug|Any CPU
		{953521BD-F1BD-47F6-9BE0-05C14456302D}.Release|Any CPU.ActiveCfg = Release|Any CPU
		{953521BD-F1BD-47F6-9BE0-05C14456302D}.Release|Any CPU.Build.0 = Release|Any CPU
		{176955F0-321C-4DD8-9161-928CFA90CEF2}.Debug|Any CPU.ActiveCfg = Debug|Any CPU
		{176955F0-321C-4DD8-9161-928CFA90CEF2}.Debug|Any CPU.Build.0 = Debug|Any CPU
		{176955F0-321C-4DD8-9161-928CFA90CEF2}.Release|Any CPU.ActiveCfg = Release|Any CPU
		{176955F0-321C-4DD8-9161-928CFA90CEF2}.Release|Any CPU.Build.0 = Release|Any CPU
		{72D65BE2-1EB6-4E6A-9AE5-8C872F6AC4F1}.Debug|Any CPU.ActiveCfg = Debug|Any CPU
		{72D65BE2-1EB6-4E6A-9AE5-8C872F6AC4F1}.Debug|Any CPU.Build.0 = Debug|Any CPU
		{72D65BE2-1EB6-4E6A-9AE5-8C872F6AC4F1}.Release|Any CPU.ActiveCfg = Release|Any CPU
		{72D65BE2-1EB6-4E6A-9AE5-8C872F6AC4F1}.Release|Any CPU.Build.0 = Release|Any CPU
		{1BAEACDF-9702-48AE-945B-27E07712F956}.Debug|Any CPU.ActiveCfg = Debug|Any CPU
		{1BAEACDF-9702-48AE-945B-27E07712F956}.Debug|Any CPU.Build.0 = Debug|Any CPU
		{1BAEACDF-9702-48AE-945B-27E07712F956}.Release|Any CPU.ActiveCfg = Release|Any CPU
		{1BAEACDF-9702-48AE-945B-27E07712F956}.Release|Any CPU.Build.0 = Release|Any CPU
		{98BF5C31-D8D2-4BF3-964A-9F92F8D0736D}.Debug|Any CPU.ActiveCfg = Debug|Any CPU
		{98BF5C31-D8D2-4BF3-964A-9F92F8D0736D}.Debug|Any CPU.Build.0 = Debug|Any CPU
		{98BF5C31-D8D2-4BF3-964A-9F92F8D0736D}.Release|Any CPU.ActiveCfg = Release|Any CPU
		{98BF5C31-D8D2-4BF3-964A-9F92F8D0736D}.Release|Any CPU.Build.0 = Release|Any CPU
		{BE89FEE0-0015-439B-8199-80811561D74A}.Debug|Any CPU.ActiveCfg = Debug|Any CPU
		{BE89FEE0-0015-439B-8199-80811561D74A}.Debug|Any CPU.Build.0 = Debug|Any CPU
		{BE89FEE0-0015-439B-8199-80811561D74A}.Release|Any CPU.ActiveCfg = Release|Any CPU
		{BE89FEE0-0015-439B-8199-80811561D74A}.Release|Any CPU.Build.0 = Release|Any CPU
		{A79A5BAB-24E8-4782-995A-939A0A461C17}.Debug|Any CPU.ActiveCfg = Debug|Any CPU
		{A79A5BAB-24E8-4782-995A-939A0A461C17}.Debug|Any CPU.Build.0 = Debug|Any CPU
		{A79A5BAB-24E8-4782-995A-939A0A461C17}.Release|Any CPU.ActiveCfg = Release|Any CPU
		{A79A5BAB-24E8-4782-995A-939A0A461C17}.Release|Any CPU.Build.0 = Release|Any CPU
		{DFD5216F-35BD-46E1-A48C-16C4B591928B}.Debug|Any CPU.ActiveCfg = Debug|Any CPU
		{DFD5216F-35BD-46E1-A48C-16C4B591928B}.Debug|Any CPU.Build.0 = Debug|Any CPU
		{DFD5216F-35BD-46E1-A48C-16C4B591928B}.Release|Any CPU.ActiveCfg = Release|Any CPU
		{DFD5216F-35BD-46E1-A48C-16C4B591928B}.Release|Any CPU.Build.0 = Release|Any CPU
		{925A1151-42FC-4BC0-A521-59AE50511316}.Debug|Any CPU.ActiveCfg = Debug|Any CPU
		{925A1151-42FC-4BC0-A521-59AE50511316}.Debug|Any CPU.Build.0 = Debug|Any CPU
		{925A1151-42FC-4BC0-A521-59AE50511316}.Release|Any CPU.ActiveCfg = Release|Any CPU
		{925A1151-42FC-4BC0-A521-59AE50511316}.Release|Any CPU.Build.0 = Release|Any CPU
		{597897C0-0ED1-4202-B8D2-A1DEB3E95B34}.Debug|Any CPU.ActiveCfg = Debug|Any CPU
		{597897C0-0ED1-4202-B8D2-A1DEB3E95B34}.Debug|Any CPU.Build.0 = Debug|Any CPU
		{597897C0-0ED1-4202-B8D2-A1DEB3E95B34}.Release|Any CPU.ActiveCfg = Release|Any CPU
		{597897C0-0ED1-4202-B8D2-A1DEB3E95B34}.Release|Any CPU.Build.0 = Release|Any CPU
		{587DB638-3B02-4606-85E8-4DE89EE2945D}.Debug|Any CPU.ActiveCfg = Debug|Any CPU
		{587DB638-3B02-4606-85E8-4DE89EE2945D}.Debug|Any CPU.Build.0 = Debug|Any CPU
		{587DB638-3B02-4606-85E8-4DE89EE2945D}.Release|Any CPU.ActiveCfg = Release|Any CPU
		{587DB638-3B02-4606-85E8-4DE89EE2945D}.Release|Any CPU.Build.0 = Release|Any CPU
		{E776DF2A-B216-4778-BED8-8800D79D424D}.Debug|Any CPU.ActiveCfg = Debug|Any CPU
		{E776DF2A-B216-4778-BED8-8800D79D424D}.Debug|Any CPU.Build.0 = Debug|Any CPU
		{E776DF2A-B216-4778-BED8-8800D79D424D}.Release|Any CPU.ActiveCfg = Release|Any CPU
		{E776DF2A-B216-4778-BED8-8800D79D424D}.Release|Any CPU.Build.0 = Release|Any CPU
	EndGlobalSection
	GlobalSection(SolutionProperties) = preSolution
		HideSolutionNode = FALSE
	EndGlobalSection
	GlobalSection(ExtensibilityGlobals) = postSolution
		SolutionGuid = {71202E22-A58B-464D-AD5A-985EE308A0B5}
	EndGlobalSection
EndGlobal
