
Microsoft Visual Studio Solution File, Format Version 12.00
# Visual Studio Version 17
VisualStudioVersion = 17.3.32922.545
MinimumVisualStudioVersion = 10.0.40219.1
Project("{9A19103F-16F7-4668-BE54-9A1E7A4F7556}") = "P01-Marketing", "P01-Marketing\P01-Marketing.csproj", "{A504CDE7-69B7-4047-9922-D3EF06CD5D7B}"
EndProject
Project("{9A19103F-16F7-4668-BE54-9A1E7A4F7556}") = "P02-PrimeNums", "P02-PrimeNums\P02-PrimeNums.csproj", "{93C7761C-E541-46B8-B43E-5B7987739482}"
EndProject
Project("{9A19103F-16F7-4668-BE54-9A1E7A4F7556}") = "P03-LuckyNums", "P03-LuckyNums\P03-LuckyNums.csproj", "{57BCC103-728D-4146-BF4D-916CE330C571}"
EndProject
Project("{9A19103F-16F7-4668-BE54-9A1E7A4F7556}") = "P04-WordGame", "P04-WordGame\P04-WordGame.csproj", "{C547CBFF-8D90-4C13-B38B-40C77BEABA8F}"
EndProject
Project("{9A19103F-16F7-4668-BE54-9A1E7A4F7556}") = "P05-Polydrom", "P05-Polydrom\P05-Polydrom.csproj", "{6129A3AC-A1E6-4A6F-813C-42D54BD3580A}"
EndProject
Project("{9A19103F-16F7-4668-BE54-9A1E7A4F7556}") = "P06-ExamResults", "P06-ExamResults\P06-ExamResults.csproj", "{C838C7FF-AC4C-48A2-9471-5D90E58F7E11}"
EndProject
Project("{9A19103F-16F7-4668-BE54-9A1E7A4F7556}") = "P07-Cars", "P07-Cars\P07-Cars.csproj", "{ABAF2A68-9F39-4000-BC0A-515678235353}"
EndProject
Project("{9A19103F-16F7-4668-BE54-9A1E7A4F7556}") = "P08-DividedByItself", "P08-DividedByItself\P08-DividedByItself.csproj", "{DE2297E3-D561-4770-9781-93A9D7D3F6D0}"
EndProject
Project("{9A19103F-16F7-4668-BE54-9A1E7A4F7556}") = "P09-ListOfWords", "P09-ListOfWords\P09-ListOfWords.csproj", "{EFB24F77-2EE5-4C28-97DF-F615494BD1BC}"
EndProject
Project("{9A19103F-16F7-4668-BE54-9A1E7A4F7556}") = "P10-Furniture", "P10-Furniture\P10-Furniture.csproj", "{789EC236-3BF3-4806-8D82-B5C1270F8ABF}"
EndProject
Project("{9A19103F-16F7-4668-BE54-9A1E7A4F7556}") = "P11-ToTheMoon", "P11-ToTheMoon\P11-ToTheMoon.csproj", "{902C4B60-64FB-4D4F-9413-5B3D604D5074}"
EndProject
Project("{9A19103F-16F7-4668-BE54-9A1E7A4F7556}") = "P12-Shopping", "P12-Shopping\P12-Shopping.csproj", "{FACB843C-FD4C-4967-A7DE-380AC62115EB}"
EndProject
Project("{9A19103F-16F7-4668-BE54-9A1E7A4F7556}") = "P13-Triangle", "P13-Triangle\P13-Triangle.csproj", "{0F8450BC-26E4-4FAE-B0F5-570857235E86}"
EndProject
Project("{9A19103F-16F7-4668-BE54-9A1E7A4F7556}") = "P14-DigitalSquare", "P14-DigitalSquare\P14-DigitalSquare.csproj", "{7E68E17E-3139-48BF-AB23-D28D576EBF0E}"
EndProject
Project("{9A19103F-16F7-4668-BE54-9A1E7A4F7556}") = "P15-NumbersCount", "P15-NumbersCount\P15-NumbersCount.csproj", "{90640424-FBAF-4906-982A-8B1F9401A678}"
EndProject
Project("{9A19103F-16F7-4668-BE54-9A1E7A4F7556}") = "P16-Store", "P16-Store\P16-Store.csproj", "{E2668A28-5F52-4033-9919-BAA9C33AC354}"
EndProject
Project("{9A19103F-16F7-4668-BE54-9A1E7A4F7556}") = "P17-Methods", "P17-Methods\P17-Methods.csproj", "{2DDD537C-A748-438F-8ECC-49BDC83A45A6}"
EndProject
Project("{FAE04EC0-301F-11D3-BF4B-00C04F79EFBC}") = "P18-Company", "P18-Company\P18-Company.csproj", "{50133F2D-D199-4846-90D0-19CC5AC873A3}"
EndProject
Global
	GlobalSection(SolutionConfigurationPlatforms) = preSolution
		Debug|Any CPU = Debug|Any CPU
		Release|Any CPU = Release|Any CPU
	EndGlobalSection
	GlobalSection(ProjectConfigurationPlatforms) = postSolution
		{A504CDE7-69B7-4047-9922-D3EF06CD5D7B}.Debug|Any CPU.ActiveCfg = Debug|Any CPU
		{A504CDE7-69B7-4047-9922-D3EF06CD5D7B}.Debug|Any CPU.Build.0 = Debug|Any CPU
		{A504CDE7-69B7-4047-9922-D3EF06CD5D7B}.Release|Any CPU.ActiveCfg = Release|Any CPU
		{A504CDE7-69B7-4047-9922-D3EF06CD5D7B}.Release|Any CPU.Build.0 = Release|Any CPU
		{93C7761C-E541-46B8-B43E-5B7987739482}.Debug|Any CPU.ActiveCfg = Debug|Any CPU
		{93C7761C-E541-46B8-B43E-5B7987739482}.Debug|Any CPU.Build.0 = Debug|Any CPU
		{93C7761C-E541-46B8-B43E-5B7987739482}.Release|Any CPU.ActiveCfg = Release|Any CPU
		{93C7761C-E541-46B8-B43E-5B7987739482}.Release|Any CPU.Build.0 = Release|Any CPU
		{57BCC103-728D-4146-BF4D-916CE330C571}.Debug|Any CPU.ActiveCfg = Debug|Any CPU
		{57BCC103-728D-4146-BF4D-916CE330C571}.Debug|Any CPU.Build.0 = Debug|Any CPU
		{57BCC103-728D-4146-BF4D-916CE330C571}.Release|Any CPU.ActiveCfg = Release|Any CPU
		{57BCC103-728D-4146-BF4D-916CE330C571}.Release|Any CPU.Build.0 = Release|Any CPU
		{C547CBFF-8D90-4C13-B38B-40C77BEABA8F}.Debug|Any CPU.ActiveCfg = Debug|Any CPU
		{C547CBFF-8D90-4C13-B38B-40C77BEABA8F}.Debug|Any CPU.Build.0 = Debug|Any CPU
		{C547CBFF-8D90-4C13-B38B-40C77BEABA8F}.Release|Any CPU.ActiveCfg = Release|Any CPU
		{C547CBFF-8D90-4C13-B38B-40C77BEABA8F}.Release|Any CPU.Build.0 = Release|Any CPU
		{6129A3AC-A1E6-4A6F-813C-42D54BD3580A}.Debug|Any CPU.ActiveCfg = Debug|Any CPU
		{6129A3AC-A1E6-4A6F-813C-42D54BD3580A}.Debug|Any CPU.Build.0 = Debug|Any CPU
		{6129A3AC-A1E6-4A6F-813C-42D54BD3580A}.Release|Any CPU.ActiveCfg = Release|Any CPU
		{6129A3AC-A1E6-4A6F-813C-42D54BD3580A}.Release|Any CPU.Build.0 = Release|Any CPU
		{C838C7FF-AC4C-48A2-9471-5D90E58F7E11}.Debug|Any CPU.ActiveCfg = Debug|Any CPU
		{C838C7FF-AC4C-48A2-9471-5D90E58F7E11}.Debug|Any CPU.Build.0 = Debug|Any CPU
		{C838C7FF-AC4C-48A2-9471-5D90E58F7E11}.Release|Any CPU.ActiveCfg = Release|Any CPU
		{C838C7FF-AC4C-48A2-9471-5D90E58F7E11}.Release|Any CPU.Build.0 = Release|Any CPU
		{ABAF2A68-9F39-4000-BC0A-515678235353}.Debug|Any CPU.ActiveCfg = Debug|Any CPU
		{ABAF2A68-9F39-4000-BC0A-515678235353}.Debug|Any CPU.Build.0 = Debug|Any CPU
		{ABAF2A68-9F39-4000-BC0A-515678235353}.Release|Any CPU.ActiveCfg = Release|Any CPU
		{ABAF2A68-9F39-4000-BC0A-515678235353}.Release|Any CPU.Build.0 = Release|Any CPU
		{DE2297E3-D561-4770-9781-93A9D7D3F6D0}.Debug|Any CPU.ActiveCfg = Debug|Any CPU
		{DE2297E3-D561-4770-9781-93A9D7D3F6D0}.Debug|Any CPU.Build.0 = Debug|Any CPU
		{DE2297E3-D561-4770-9781-93A9D7D3F6D0}.Release|Any CPU.ActiveCfg = Release|Any CPU
		{DE2297E3-D561-4770-9781-93A9D7D3F6D0}.Release|Any CPU.Build.0 = Release|Any CPU
		{EFB24F77-2EE5-4C28-97DF-F615494BD1BC}.Debug|Any CPU.ActiveCfg = Debug|Any CPU
		{EFB24F77-2EE5-4C28-97DF-F615494BD1BC}.Debug|Any CPU.Build.0 = Debug|Any CPU
		{EFB24F77-2EE5-4C28-97DF-F615494BD1BC}.Release|Any CPU.ActiveCfg = Release|Any CPU
		{EFB24F77-2EE5-4C28-97DF-F615494BD1BC}.Release|Any CPU.Build.0 = Release|Any CPU
		{789EC236-3BF3-4806-8D82-B5C1270F8ABF}.Debug|Any CPU.ActiveCfg = Debug|Any CPU
		{789EC236-3BF3-4806-8D82-B5C1270F8ABF}.Debug|Any CPU.Build.0 = Debug|Any CPU
		{789EC236-3BF3-4806-8D82-B5C1270F8ABF}.Release|Any CPU.ActiveCfg = Release|Any CPU
		{789EC236-3BF3-4806-8D82-B5C1270F8ABF}.Release|Any CPU.Build.0 = Release|Any CPU
		{902C4B60-64FB-4D4F-9413-5B3D604D5074}.Debug|Any CPU.ActiveCfg = Debug|Any CPU
		{902C4B60-64FB-4D4F-9413-5B3D604D5074}.Debug|Any CPU.Build.0 = Debug|Any CPU
		{902C4B60-64FB-4D4F-9413-5B3D604D5074}.Release|Any CPU.ActiveCfg = Release|Any CPU
		{902C4B60-64FB-4D4F-9413-5B3D604D5074}.Release|Any CPU.Build.0 = Release|Any CPU
		{FACB843C-FD4C-4967-A7DE-380AC62115EB}.Debug|Any CPU.ActiveCfg = Debug|Any CPU
		{FACB843C-FD4C-4967-A7DE-380AC62115EB}.Debug|Any CPU.Build.0 = Debug|Any CPU
		{FACB843C-FD4C-4967-A7DE-380AC62115EB}.Release|Any CPU.ActiveCfg = Release|Any CPU
		{FACB843C-FD4C-4967-A7DE-380AC62115EB}.Release|Any CPU.Build.0 = Release|Any CPU
		{0F8450BC-26E4-4FAE-B0F5-570857235E86}.Debug|Any CPU.ActiveCfg = Debug|Any CPU
		{0F8450BC-26E4-4FAE-B0F5-570857235E86}.Debug|Any CPU.Build.0 = Debug|Any CPU
		{0F8450BC-26E4-4FAE-B0F5-570857235E86}.Release|Any CPU.ActiveCfg = Release|Any CPU
		{0F8450BC-26E4-4FAE-B0F5-570857235E86}.Release|Any CPU.Build.0 = Release|Any CPU
		{7E68E17E-3139-48BF-AB23-D28D576EBF0E}.Debug|Any CPU.ActiveCfg = Debug|Any CPU
		{7E68E17E-3139-48BF-AB23-D28D576EBF0E}.Debug|Any CPU.Build.0 = Debug|Any CPU
		{7E68E17E-3139-48BF-AB23-D28D576EBF0E}.Release|Any CPU.ActiveCfg = Release|Any CPU
		{7E68E17E-3139-48BF-AB23-D28D576EBF0E}.Release|Any CPU.Build.0 = Release|Any CPU
		{90640424-FBAF-4906-982A-8B1F9401A678}.Debug|Any CPU.ActiveCfg = Debug|Any CPU
		{90640424-FBAF-4906-982A-8B1F9401A678}.Debug|Any CPU.Build.0 = Debug|Any CPU
		{90640424-FBAF-4906-982A-8B1F9401A678}.Release|Any CPU.ActiveCfg = Release|Any CPU
		{90640424-FBAF-4906-982A-8B1F9401A678}.Release|Any CPU.Build.0 = Release|Any CPU
		{E2668A28-5F52-4033-9919-BAA9C33AC354}.Debug|Any CPU.ActiveCfg = Debug|Any CPU
		{E2668A28-5F52-4033-9919-BAA9C33AC354}.Debug|Any CPU.Build.0 = Debug|Any CPU
		{E2668A28-5F52-4033-9919-BAA9C33AC354}.Release|Any CPU.ActiveCfg = Release|Any CPU
		{E2668A28-5F52-4033-9919-BAA9C33AC354}.Release|Any CPU.Build.0 = Release|Any CPU
		{2DDD537C-A748-438F-8ECC-49BDC83A45A6}.Debug|Any CPU.ActiveCfg = Debug|Any CPU
		{2DDD537C-A748-438F-8ECC-49BDC83A45A6}.Debug|Any CPU.Build.0 = Debug|Any CPU
		{2DDD537C-A748-438F-8ECC-49BDC83A45A6}.Release|Any CPU.ActiveCfg = Release|Any CPU
		{2DDD537C-A748-438F-8ECC-49BDC83A45A6}.Release|Any CPU.Build.0 = Release|Any CPU
		{50133F2D-D199-4846-90D0-19CC5AC873A3}.Debug|Any CPU.ActiveCfg = Debug|Any CPU
		{50133F2D-D199-4846-90D0-19CC5AC873A3}.Debug|Any CPU.Build.0 = Debug|Any CPU
		{50133F2D-D199-4846-90D0-19CC5AC873A3}.Release|Any CPU.ActiveCfg = Release|Any CPU
		{50133F2D-D199-4846-90D0-19CC5AC873A3}.Release|Any CPU.Build.0 = Release|Any CPU
	EndGlobalSection
	GlobalSection(SolutionProperties) = preSolution
		HideSolutionNode = FALSE
	EndGlobalSection
	GlobalSection(ExtensibilityGlobals) = postSolution
		SolutionGuid = {3289F03A-72A8-4EB1-ABB0-4E57761ACF76}
	EndGlobalSection
EndGlobal
