
Microsoft Visual Studio Solution File, Format Version 12.00
# Visual Studio Version 17
VisualStudioVersion = 17.8.34330.188
MinimumVisualStudioVersion = 10.0.40219.1
Project("{9A19103F-16F7-4668-BE54-9A1E7A4F7556}") = "P01-RotateMatrix", "P01-RotateMatrix\P01-RotateMatrix.csproj", "{0B819321-C9CD-45AD-BD65-7D46ACFA5B8A}"
EndProject
Project("{9A19103F-16F7-4668-BE54-9A1E7A4F7556}") = "P02-DifferenceOfAbsValue", "P02-DifferenceOfAbsValue\P02-DifferenceOfAbsValue.csproj", "{1449AD19-E344-409B-A6E8-8B4D0719F338}"
EndProject
Project("{9A19103F-16F7-4668-BE54-9A1E7A4F7556}") = "P03-ArithmeticProgression", "P03-ArithmeticProgression\P03-ArithmeticProgression.csproj", "{CA5FFE7B-0CD5-4CC9-8A74-5BAC18ABB3A5}"
EndProject
Project("{9A19103F-16F7-4668-BE54-9A1E7A4F7556}") = "P04-Frequency", "P04-Frequency\P04-Frequency.csproj", "{51EC4F14-004C-4A5C-9157-E20265108739}"
EndProject
Project("{9A19103F-16F7-4668-BE54-9A1E7A4F7556}") = "P05-LongestWord", "P05-LongestWord\P05-LongestWord.csproj", "{372FD468-1F1A-452D-B43A-0F0324BD7543}"
EndProject
Project("{9A19103F-16F7-4668-BE54-9A1E7A4F7556}") = "P06-BannedWords", "P06-BannedWords\P06-BannedWords.csproj", "{18AA3471-A9C5-4FE8-92A7-0DD679DFFDB1}"
EndProject
Project("{9A19103F-16F7-4668-BE54-9A1E7A4F7556}") = "P07-zad27(DZI-20.05.2022)", "P07-zad27(DZI-20.05.2022)\P07-zad27(DZI-20.05.2022).csproj", "{40553DE4-CE9B-4705-9A51-F3C145C0512E}"
EndProject
Project("{9A19103F-16F7-4668-BE54-9A1E7A4F7556}") = "P08-EncryptWord", "P08-EncryptWord\P08-EncryptWord.csproj", "{598D7AFA-46F5-425A-8CC9-D4FA4A08E416}"
EndProject
Project("{9A19103F-16F7-4668-BE54-9A1E7A4F7556}") = "P09-StringOperation", "P09-StringOperation\P09-StringOperation.csproj", "{87F0A47C-A02C-4D91-82FE-D28BC3948645}"
EndProject
Project("{9A19103F-16F7-4668-BE54-9A1E7A4F7556}") = "P10-FishingCompetition", "P10-FishingCompetition\P10-FishingCompetition.csproj", "{0098DF03-669B-401B-9995-CF0F3E7C2A58}"
EndProject
Project("{9A19103F-16F7-4668-BE54-9A1E7A4F7556}") = "P11-ExtensionsAndTheirCount", "P11-ExtensionsAndTheirCount\P11-ExtensionsAndTheirCount.csproj", "{48FE712A-BE36-4A7B-906E-C398111F9634}"
EndProject
Project("{9A19103F-16F7-4668-BE54-9A1E7A4F7556}") = "P12-PeaksAndBottmsInString", "P12-PeaksAndBottmsInString\P12-PeaksAndBottmsInString.csproj", "{60C95C3B-4EE2-4520-99EF-601CA22ACB60}"
EndProject
Project("{9A19103F-16F7-4668-BE54-9A1E7A4F7556}") = "P13-UCN", "P13-UCN\P13-UCN.csproj", "{1AFEC6A9-F718-4FD4-937E-E0B6B6E572A2}"
EndProject
Project("{9A19103F-16F7-4668-BE54-9A1E7A4F7556}") = "P14-RandomPassword", "P14-RandomPassword\P14-RandomPassword.csproj", "{A0F04DD8-F5B8-4C9C-98EE-95E17E206FAD}"
EndProject
Project("{9A19103F-16F7-4668-BE54-9A1E7A4F7556}") = "P15-SortingAlgorithms", "P15-SortingAlgorithms\P15-SortingAlgorithms.csproj", "{FB6CB161-F123-4E82-8A4A-CC6B39804384}"
EndProject
Project("{9A19103F-16F7-4668-BE54-9A1E7A4F7556}") = "P16-SharkTaxonomy", "P16-SharkTaxonomy\P16-SharkTaxonomy.csproj", "{E6A6771E-09EC-43D6-8578-E141B2B7815F}"
EndProject
Project("{9A19103F-16F7-4668-BE54-9A1E7A4F7556}") = "P17-MatrixOperations", "P17-MatrixOperations\P17-MatrixOperations.csproj", "{4FD073DF-E47E-497F-8D26-C3A35F322E34}"
EndProject
Project("{9A19103F-16F7-4668-BE54-9A1E7A4F7556}") = "P18-PascalTriangle", "P18-PascalTriangle\P18-PascalTriangle.csproj", "{ABAF308F-6F99-4255-817E-C3FE203B7976}"
EndProject
Project("{9A19103F-16F7-4668-BE54-9A1E7A4F7556}") = "P19-ChickenSnack", "P19-ChickenSnack\P19-ChickenSnack.csproj", "{8EAEDAD6-2162-4ACB-910B-C9F87F0CCD92}"
EndProject
Project("{9A19103F-16F7-4668-BE54-9A1E7A4F7556}") = "P20-Gifts", "P20-Gifts\P20-Gifts.csproj", "{B2C7296B-1651-4ACB-A75C-703086B1A0E2}"
EndProject
Project("{9A19103F-16F7-4668-BE54-9A1E7A4F7556}") = "P21-SortEvenNumbers", "P21-SortEvenNumbers\P21-SortEvenNumbers.csproj", "{2F2C5892-DA82-405E-9C86-711B22C4CA7B}"
EndProject
Project("{9A19103F-16F7-4668-BE54-9A1E7A4F7556}") = "P22-CountUppercaseWords", "P22-CountUppercaseWords\P22-CountUppercaseWords.csproj", "{A9E4EF14-CC9F-4F70-BCE4-73B7E2C4ECE2}"
EndProject
Project("{9A19103F-16F7-4668-BE54-9A1E7A4F7556}") = "P23-GroceryStore(OOP)", "P23-GroceryStore(OOP)\P23-GroceryStore(OOP).csproj", "{BDD7BA15-78B3-4BC6-9B83-D393647F12D9}"
EndProject
Project("{9A19103F-16F7-4668-BE54-9A1E7A4F7556}") = "P24-MatrixManipulation", "P24-MatrixManipulation\P24-MatrixManipulation.csproj", "{52CCC03F-5152-4C7C-8030-0A9FFFA6F7AE}"
EndProject
Project("{FAE04EC0-301F-11D3-BF4B-00C04F79EFBC}") = "P25-DivideAndRule", "P25-DivideAndRule\P25-DivideAndRule.csproj", "{A7157ABC-39A7-4786-83A7-4960A14B0537}"
EndProject
Global
	GlobalSection(SolutionConfigurationPlatforms) = preSolution
		Debug|Any CPU = Debug|Any CPU
		Release|Any CPU = Release|Any CPU
	EndGlobalSection
	GlobalSection(ProjectConfigurationPlatforms) = postSolution
		{0B819321-C9CD-45AD-BD65-7D46ACFA5B8A}.Debug|Any CPU.ActiveCfg = Debug|Any CPU
		{0B819321-C9CD-45AD-BD65-7D46ACFA5B8A}.Debug|Any CPU.Build.0 = Debug|Any CPU
		{0B819321-C9CD-45AD-BD65-7D46ACFA5B8A}.Release|Any CPU.ActiveCfg = Release|Any CPU
		{0B819321-C9CD-45AD-BD65-7D46ACFA5B8A}.Release|Any CPU.Build.0 = Release|Any CPU
		{1449AD19-E344-409B-A6E8-8B4D0719F338}.Debug|Any CPU.ActiveCfg = Debug|Any CPU
		{1449AD19-E344-409B-A6E8-8B4D0719F338}.Debug|Any CPU.Build.0 = Debug|Any CPU
		{1449AD19-E344-409B-A6E8-8B4D0719F338}.Release|Any CPU.ActiveCfg = Release|Any CPU
		{1449AD19-E344-409B-A6E8-8B4D0719F338}.Release|Any CPU.Build.0 = Release|Any CPU
		{CA5FFE7B-0CD5-4CC9-8A74-5BAC18ABB3A5}.Debug|Any CPU.ActiveCfg = Debug|Any CPU
		{CA5FFE7B-0CD5-4CC9-8A74-5BAC18ABB3A5}.Debug|Any CPU.Build.0 = Debug|Any CPU
		{CA5FFE7B-0CD5-4CC9-8A74-5BAC18ABB3A5}.Release|Any CPU.ActiveCfg = Release|Any CPU
		{CA5FFE7B-0CD5-4CC9-8A74-5BAC18ABB3A5}.Release|Any CPU.Build.0 = Release|Any CPU
		{51EC4F14-004C-4A5C-9157-E20265108739}.Debug|Any CPU.ActiveCfg = Debug|Any CPU
		{51EC4F14-004C-4A5C-9157-E20265108739}.Debug|Any CPU.Build.0 = Debug|Any CPU
		{51EC4F14-004C-4A5C-9157-E20265108739}.Release|Any CPU.ActiveCfg = Release|Any CPU
		{51EC4F14-004C-4A5C-9157-E20265108739}.Release|Any CPU.Build.0 = Release|Any CPU
		{372FD468-1F1A-452D-B43A-0F0324BD7543}.Debug|Any CPU.ActiveCfg = Debug|Any CPU
		{372FD468-1F1A-452D-B43A-0F0324BD7543}.Debug|Any CPU.Build.0 = Debug|Any CPU
		{372FD468-1F1A-452D-B43A-0F0324BD7543}.Release|Any CPU.ActiveCfg = Release|Any CPU
		{372FD468-1F1A-452D-B43A-0F0324BD7543}.Release|Any CPU.Build.0 = Release|Any CPU
		{18AA3471-A9C5-4FE8-92A7-0DD679DFFDB1}.Debug|Any CPU.ActiveCfg = Debug|Any CPU
		{18AA3471-A9C5-4FE8-92A7-0DD679DFFDB1}.Debug|Any CPU.Build.0 = Debug|Any CPU
		{18AA3471-A9C5-4FE8-92A7-0DD679DFFDB1}.Release|Any CPU.ActiveCfg = Release|Any CPU
		{18AA3471-A9C5-4FE8-92A7-0DD679DFFDB1}.Release|Any CPU.Build.0 = Release|Any CPU
		{40553DE4-CE9B-4705-9A51-F3C145C0512E}.Debug|Any CPU.ActiveCfg = Debug|Any CPU
		{40553DE4-CE9B-4705-9A51-F3C145C0512E}.Debug|Any CPU.Build.0 = Debug|Any CPU
		{40553DE4-CE9B-4705-9A51-F3C145C0512E}.Release|Any CPU.ActiveCfg = Release|Any CPU
		{40553DE4-CE9B-4705-9A51-F3C145C0512E}.Release|Any CPU.Build.0 = Release|Any CPU
		{598D7AFA-46F5-425A-8CC9-D4FA4A08E416}.Debug|Any CPU.ActiveCfg = Debug|Any CPU
		{598D7AFA-46F5-425A-8CC9-D4FA4A08E416}.Debug|Any CPU.Build.0 = Debug|Any CPU
		{598D7AFA-46F5-425A-8CC9-D4FA4A08E416}.Release|Any CPU.ActiveCfg = Release|Any CPU
		{598D7AFA-46F5-425A-8CC9-D4FA4A08E416}.Release|Any CPU.Build.0 = Release|Any CPU
		{87F0A47C-A02C-4D91-82FE-D28BC3948645}.Debug|Any CPU.ActiveCfg = Debug|Any CPU
		{87F0A47C-A02C-4D91-82FE-D28BC3948645}.Debug|Any CPU.Build.0 = Debug|Any CPU
		{87F0A47C-A02C-4D91-82FE-D28BC3948645}.Release|Any CPU.ActiveCfg = Release|Any CPU
		{87F0A47C-A02C-4D91-82FE-D28BC3948645}.Release|Any CPU.Build.0 = Release|Any CPU
		{0098DF03-669B-401B-9995-CF0F3E7C2A58}.Debug|Any CPU.ActiveCfg = Debug|Any CPU
		{0098DF03-669B-401B-9995-CF0F3E7C2A58}.Debug|Any CPU.Build.0 = Debug|Any CPU
		{0098DF03-669B-401B-9995-CF0F3E7C2A58}.Release|Any CPU.ActiveCfg = Release|Any CPU
		{0098DF03-669B-401B-9995-CF0F3E7C2A58}.Release|Any CPU.Build.0 = Release|Any CPU
		{48FE712A-BE36-4A7B-906E-C398111F9634}.Debug|Any CPU.ActiveCfg = Debug|Any CPU
		{48FE712A-BE36-4A7B-906E-C398111F9634}.Debug|Any CPU.Build.0 = Debug|Any CPU
		{48FE712A-BE36-4A7B-906E-C398111F9634}.Release|Any CPU.ActiveCfg = Release|Any CPU
		{48FE712A-BE36-4A7B-906E-C398111F9634}.Release|Any CPU.Build.0 = Release|Any CPU
		{60C95C3B-4EE2-4520-99EF-601CA22ACB60}.Debug|Any CPU.ActiveCfg = Debug|Any CPU
		{60C95C3B-4EE2-4520-99EF-601CA22ACB60}.Debug|Any CPU.Build.0 = Debug|Any CPU
		{60C95C3B-4EE2-4520-99EF-601CA22ACB60}.Release|Any CPU.ActiveCfg = Release|Any CPU
		{60C95C3B-4EE2-4520-99EF-601CA22ACB60}.Release|Any CPU.Build.0 = Release|Any CPU
		{1AFEC6A9-F718-4FD4-937E-E0B6B6E572A2}.Debug|Any CPU.ActiveCfg = Debug|Any CPU
		{1AFEC6A9-F718-4FD4-937E-E0B6B6E572A2}.Debug|Any CPU.Build.0 = Debug|Any CPU
		{1AFEC6A9-F718-4FD4-937E-E0B6B6E572A2}.Release|Any CPU.ActiveCfg = Release|Any CPU
		{1AFEC6A9-F718-4FD4-937E-E0B6B6E572A2}.Release|Any CPU.Build.0 = Release|Any CPU
		{A0F04DD8-F5B8-4C9C-98EE-95E17E206FAD}.Debug|Any CPU.ActiveCfg = Debug|Any CPU
		{A0F04DD8-F5B8-4C9C-98EE-95E17E206FAD}.Debug|Any CPU.Build.0 = Debug|Any CPU
		{A0F04DD8-F5B8-4C9C-98EE-95E17E206FAD}.Release|Any CPU.ActiveCfg = Release|Any CPU
		{A0F04DD8-F5B8-4C9C-98EE-95E17E206FAD}.Release|Any CPU.Build.0 = Release|Any CPU
		{FB6CB161-F123-4E82-8A4A-CC6B39804384}.Debug|Any CPU.ActiveCfg = Debug|Any CPU
		{FB6CB161-F123-4E82-8A4A-CC6B39804384}.Debug|Any CPU.Build.0 = Debug|Any CPU
		{FB6CB161-F123-4E82-8A4A-CC6B39804384}.Release|Any CPU.ActiveCfg = Release|Any CPU
		{FB6CB161-F123-4E82-8A4A-CC6B39804384}.Release|Any CPU.Build.0 = Release|Any CPU
		{E6A6771E-09EC-43D6-8578-E141B2B7815F}.Debug|Any CPU.ActiveCfg = Debug|Any CPU
		{E6A6771E-09EC-43D6-8578-E141B2B7815F}.Debug|Any CPU.Build.0 = Debug|Any CPU
		{E6A6771E-09EC-43D6-8578-E141B2B7815F}.Release|Any CPU.ActiveCfg = Release|Any CPU
		{E6A6771E-09EC-43D6-8578-E141B2B7815F}.Release|Any CPU.Build.0 = Release|Any CPU
		{4FD073DF-E47E-497F-8D26-C3A35F322E34}.Debug|Any CPU.ActiveCfg = Debug|Any CPU
		{4FD073DF-E47E-497F-8D26-C3A35F322E34}.Debug|Any CPU.Build.0 = Debug|Any CPU
		{4FD073DF-E47E-497F-8D26-C3A35F322E34}.Release|Any CPU.ActiveCfg = Release|Any CPU
		{4FD073DF-E47E-497F-8D26-C3A35F322E34}.Release|Any CPU.Build.0 = Release|Any CPU
		{ABAF308F-6F99-4255-817E-C3FE203B7976}.Debug|Any CPU.ActiveCfg = Debug|Any CPU
		{ABAF308F-6F99-4255-817E-C3FE203B7976}.Debug|Any CPU.Build.0 = Debug|Any CPU
		{ABAF308F-6F99-4255-817E-C3FE203B7976}.Release|Any CPU.ActiveCfg = Release|Any CPU
		{ABAF308F-6F99-4255-817E-C3FE203B7976}.Release|Any CPU.Build.0 = Release|Any CPU
		{8EAEDAD6-2162-4ACB-910B-C9F87F0CCD92}.Debug|Any CPU.ActiveCfg = Debug|Any CPU
		{8EAEDAD6-2162-4ACB-910B-C9F87F0CCD92}.Debug|Any CPU.Build.0 = Debug|Any CPU
		{8EAEDAD6-2162-4ACB-910B-C9F87F0CCD92}.Release|Any CPU.ActiveCfg = Release|Any CPU
		{8EAEDAD6-2162-4ACB-910B-C9F87F0CCD92}.Release|Any CPU.Build.0 = Release|Any CPU
		{B2C7296B-1651-4ACB-A75C-703086B1A0E2}.Debug|Any CPU.ActiveCfg = Debug|Any CPU
		{B2C7296B-1651-4ACB-A75C-703086B1A0E2}.Debug|Any CPU.Build.0 = Debug|Any CPU
		{B2C7296B-1651-4ACB-A75C-703086B1A0E2}.Release|Any CPU.ActiveCfg = Release|Any CPU
		{B2C7296B-1651-4ACB-A75C-703086B1A0E2}.Release|Any CPU.Build.0 = Release|Any CPU
		{2F2C5892-DA82-405E-9C86-711B22C4CA7B}.Debug|Any CPU.ActiveCfg = Debug|Any CPU
		{2F2C5892-DA82-405E-9C86-711B22C4CA7B}.Debug|Any CPU.Build.0 = Debug|Any CPU
		{2F2C5892-DA82-405E-9C86-711B22C4CA7B}.Release|Any CPU.ActiveCfg = Release|Any CPU
		{2F2C5892-DA82-405E-9C86-711B22C4CA7B}.Release|Any CPU.Build.0 = Release|Any CPU
		{A9E4EF14-CC9F-4F70-BCE4-73B7E2C4ECE2}.Debug|Any CPU.ActiveCfg = Debug|Any CPU
		{A9E4EF14-CC9F-4F70-BCE4-73B7E2C4ECE2}.Debug|Any CPU.Build.0 = Debug|Any CPU
		{A9E4EF14-CC9F-4F70-BCE4-73B7E2C4ECE2}.Release|Any CPU.ActiveCfg = Release|Any CPU
		{A9E4EF14-CC9F-4F70-BCE4-73B7E2C4ECE2}.Release|Any CPU.Build.0 = Release|Any CPU
		{BDD7BA15-78B3-4BC6-9B83-D393647F12D9}.Debug|Any CPU.ActiveCfg = Debug|Any CPU
		{BDD7BA15-78B3-4BC6-9B83-D393647F12D9}.Debug|Any CPU.Build.0 = Debug|Any CPU
		{BDD7BA15-78B3-4BC6-9B83-D393647F12D9}.Release|Any CPU.ActiveCfg = Release|Any CPU
		{BDD7BA15-78B3-4BC6-9B83-D393647F12D9}.Release|Any CPU.Build.0 = Release|Any CPU
		{52CCC03F-5152-4C7C-8030-0A9FFFA6F7AE}.Debug|Any CPU.ActiveCfg = Debug|Any CPU
		{52CCC03F-5152-4C7C-8030-0A9FFFA6F7AE}.Debug|Any CPU.Build.0 = Debug|Any CPU
		{52CCC03F-5152-4C7C-8030-0A9FFFA6F7AE}.Release|Any CPU.ActiveCfg = Release|Any CPU
		{52CCC03F-5152-4C7C-8030-0A9FFFA6F7AE}.Release|Any CPU.Build.0 = Release|Any CPU
		{A7157ABC-39A7-4786-83A7-4960A14B0537}.Debug|Any CPU.ActiveCfg = Debug|Any CPU
		{A7157ABC-39A7-4786-83A7-4960A14B0537}.Debug|Any CPU.Build.0 = Debug|Any CPU
		{A7157ABC-39A7-4786-83A7-4960A14B0537}.Release|Any CPU.ActiveCfg = Release|Any CPU
		{A7157ABC-39A7-4786-83A7-4960A14B0537}.Release|Any CPU.Build.0 = Release|Any CPU
	EndGlobalSection
	GlobalSection(SolutionProperties) = preSolution
		HideSolutionNode = FALSE
	EndGlobalSection
	GlobalSection(ExtensibilityGlobals) = postSolution
		SolutionGuid = {C35402B8-97CA-45D6-9455-4CC825AF1A55}
	EndGlobalSection
EndGlobal
