
Microsoft Visual Studio Solution File, Format Version 12.00
# Visual Studio Version 17
VisualStudioVersion = 17.3.32922.545
MinimumVisualStudioVersion = 10.0.40219.1
Project("{9A19103F-16F7-4668-BE54-9A1E7A4F7556}") = "P01-SimilarNums", "P01-SimilarNums\P01-SimilarNums.csproj", "{57A07D42-A84C-4F6B-9DD8-D7A5BE5948E8}"
EndProject
Project("{9A19103F-16F7-4668-BE54-9A1E7A4F7556}") = "P02-PersonalNumsSort", "P02-PersonalNumsSort\P02-PersonalNumsSort.csproj", "{C2E51171-254C-4137-94E4-ACFE53FE4FCB}"
EndProject
Project("{9A19103F-16F7-4668-BE54-9A1E7A4F7556}") = "P03-TripleNums", "P03-TripleNums\P03-TripleNums.csproj", "{0F213021-0553-422C-AC6A-58DE91E18F80}"
EndProject
Project("{9A19103F-16F7-4668-BE54-9A1E7A4F7556}") = "P04-MonthsNames", "P04-MonthsNames\P04-MonthsNames.csproj", "{D4F76DFD-B24B-4E20-8F44-D1120154FDFF}"
EndProject
Project("{9A19103F-16F7-4668-BE54-9A1E7A4F7556}") = "P05-Distances", "P05-Distances\P05-Distances.csproj", "{485F45C2-AC73-44A7-AC3A-76CB7AB9C167}"
EndProject
Project("{9A19103F-16F7-4668-BE54-9A1E7A4F7556}") = "P06-FileManagment", "P06-FileManagment\P06-FileManagment.csproj", "{8963AA1E-9584-4D24-8627-1D63C54683D3}"
EndProject
Project("{9A19103F-16F7-4668-BE54-9A1E7A4F7556}") = "P07-HandBallGames(OOP)", "P07-HandBallGames(OOP)\P07-HandBallGames(OOP).csproj", "{36CE70E4-1CEF-4B46-9219-6560AB7CB908}"
EndProject
Project("{9A19103F-16F7-4668-BE54-9A1E7A4F7556}") = "P08-SortingAlgorithms", "P08-SortingAlgorithms\P08-SortingAlgorithms.csproj", "{46E2FBEE-6E23-4AA6-BD3D-708F4A258E07}"
EndProject
Project("{9A19103F-16F7-4668-BE54-9A1E7A4F7556}") = "P09-BankAccounts", "P09-BankAccounts\P09-BankAccounts.csproj", "{DE5423FD-E2A1-439F-AA23-6818A94A5F41}"
EndProject
Project("{9A19103F-16F7-4668-BE54-9A1E7A4F7556}") = "P10-FilesAndExtensions", "P10-FilesAndExtensions\P10-FilesAndExtensions.csproj", "{70121322-B4C6-4F10-8158-4EFB900E3196}"
EndProject
Project("{9A19103F-16F7-4668-BE54-9A1E7A4F7556}") = "P11-Odd Lines(FileOperations)", "P11-Odd Lines(FileOperations)\P11-Odd Lines(FileOperations).csproj", "{BE911DC7-DA3F-43C7-A72C-620F2C074345}"
EndProject
Project("{9A19103F-16F7-4668-BE54-9A1E7A4F7556}") = "P12-LineNumbers(FileOperations)", "P12-LineNumbers(FileOperations)\P12-LineNumbers(FileOperations).csproj", "{74793A0C-38BC-481A-85D7-53B2AB1C4A3C}"
EndProject
Project("{9A19103F-16F7-4668-BE54-9A1E7A4F7556}") = "P13-CopyBinaryFile(FileOperations)", "P13-CopyBinaryFile(FileOperations)\P13-CopyBinaryFile(FileOperations).csproj", "{605D1338-2645-42A3-9C54-CF11E9ED1AD0}"
EndProject
Project("{9A19103F-16F7-4668-BE54-9A1E7A4F7556}") = "P14-FishingNet(OOP)", "P14-FishingNet(OOP)\P14-FishingNet(OOP).csproj", "{7F313031-C280-4BDF-AAEF-6990F49F2F42}"
EndProject
Project("{9A19103F-16F7-4668-BE54-9A1E7A4F7556}") = "P15-JsonWIthProject14", "P18-JsonWIthProject17\P15-JsonWIthProject14.csproj", "{ED9DFC30-3ED1-4E05-BE75-EDBBD335BF52}"
EndProject
Project("{9A19103F-16F7-4668-BE54-9A1E7A4F7556}") = "P16-ComparatorsExecises", "P16-ComparatorsExecises\P16-ComparatorsExecises.csproj", "{51310459-E74E-4BE9-9B35-C8F6332C19D5}"
EndProject
Project("{9A19103F-16F7-4668-BE54-9A1E7A4F7556}") = "P17-FurnitureOOP", "P17-FurnitureOOP\P17-FurnitureOOP.csproj", "{F14BE27E-7EC5-47A3-92DF-C5FB756D9D20}"
EndProject
Project("{9A19103F-16F7-4668-BE54-9A1E7A4F7556}") = "P18-IteratorsExercise", "P18-IteratorsExercise\P18-IteratorsExercise.csproj", "{D2F00491-5BEA-4BC2-AD9C-A41D79274FC7}"
EndProject
Project("{9A19103F-16F7-4668-BE54-9A1E7A4F7556}") = "P19-ListyIterator", "P19-ListyIterator\P19-ListyIterator.csproj", "{E4C5AB30-78C3-4099-ACB8-5C96F2260C5B}"
EndProject
Project("{9A19103F-16F7-4668-BE54-9A1E7A4F7556}") = "P20-ComparingObject", "P20-ComparingObject\P20-ComparingObject.csproj", "{113D094E-5ABD-4B34-BD13-7E33F77EF69A}"
EndProject
Project("{9A19103F-16F7-4668-BE54-9A1E7A4F7556}") = "P22-CryptoMiningSystem", "P22-CryptoMiningSystem\P22-CryptoMiningSystem.csproj", "{DF50262E-4CB2-4B1B-ABC1-9297BFAD16D5}"
EndProject
Project("{9A19103F-16F7-4668-BE54-9A1E7A4F7556}") = "P23-VesselsOOP", "P23-VesselsOOP\P23-VesselsOOP.csproj", "{4D0D2110-FA92-4409-B9C0-CF9F8B2B53FC}"
EndProject
Project("{9A19103F-16F7-4668-BE54-9A1E7A4F7556}") = "P24-PlantCare", "P24-PlantCare\P24-PlantCare.csproj", "{D7C3E750-FB35-4E46-8E4A-3AF9F65BB351}"
EndProject
Project("{9A19103F-16F7-4668-BE54-9A1E7A4F7556}") = "P25-SoftUniKinderGarten", "P25-SoftUniKinderGarten\P25-SoftUniKinderGarten.csproj", "{1F8C1756-59CF-4305-97EB-B7CB8A9EF95B}"
EndProject
Project("{9A19103F-16F7-4668-BE54-9A1E7A4F7556}") = "P26-SameReverse", "P26-SameReverse\P26-SameReverse.csproj", "{76E46FC2-D338-4F88-93D8-0F845B7B9C3C}"
EndProject
Project("{9A19103F-16F7-4668-BE54-9A1E7A4F7556}") = "P27-ForbiddenWords", "P27-ForbiddenWords\P27-ForbiddenWords.csproj", "{71FC765B-1825-498A-9AE9-EFEC5600EC01}"
EndProject
Project("{9A19103F-16F7-4668-BE54-9A1E7A4F7556}") = "P28-ExtractTitle", "P28-ExtractTitle\P28-ExtractTitle.csproj", "{44E50DF2-F376-406F-868F-538B7A27A784}"
EndProject
Project("{FAE04EC0-301F-11D3-BF4B-00C04F79EFBC}") = "P29-E-clients", "P29-E-clients\P29-E-clients.csproj", "{5F7A2209-1D35-4707-88EB-E88527DCF3D5}"
EndProject
Global
	GlobalSection(SolutionConfigurationPlatforms) = preSolution
		Debug|Any CPU = Debug|Any CPU
		Release|Any CPU = Release|Any CPU
	EndGlobalSection
	GlobalSection(ProjectConfigurationPlatforms) = postSolution
		{57A07D42-A84C-4F6B-9DD8-D7A5BE5948E8}.Debug|Any CPU.ActiveCfg = Debug|Any CPU
		{57A07D42-A84C-4F6B-9DD8-D7A5BE5948E8}.Debug|Any CPU.Build.0 = Debug|Any CPU
		{57A07D42-A84C-4F6B-9DD8-D7A5BE5948E8}.Release|Any CPU.ActiveCfg = Release|Any CPU
		{57A07D42-A84C-4F6B-9DD8-D7A5BE5948E8}.Release|Any CPU.Build.0 = Release|Any CPU
		{C2E51171-254C-4137-94E4-ACFE53FE4FCB}.Debug|Any CPU.ActiveCfg = Debug|Any CPU
		{C2E51171-254C-4137-94E4-ACFE53FE4FCB}.Debug|Any CPU.Build.0 = Debug|Any CPU
		{C2E51171-254C-4137-94E4-ACFE53FE4FCB}.Release|Any CPU.ActiveCfg = Release|Any CPU
		{C2E51171-254C-4137-94E4-ACFE53FE4FCB}.Release|Any CPU.Build.0 = Release|Any CPU
		{0F213021-0553-422C-AC6A-58DE91E18F80}.Debug|Any CPU.ActiveCfg = Debug|Any CPU
		{0F213021-0553-422C-AC6A-58DE91E18F80}.Debug|Any CPU.Build.0 = Debug|Any CPU
		{0F213021-0553-422C-AC6A-58DE91E18F80}.Release|Any CPU.ActiveCfg = Release|Any CPU
		{0F213021-0553-422C-AC6A-58DE91E18F80}.Release|Any CPU.Build.0 = Release|Any CPU
		{D4F76DFD-B24B-4E20-8F44-D1120154FDFF}.Debug|Any CPU.ActiveCfg = Debug|Any CPU
		{D4F76DFD-B24B-4E20-8F44-D1120154FDFF}.Debug|Any CPU.Build.0 = Debug|Any CPU
		{D4F76DFD-B24B-4E20-8F44-D1120154FDFF}.Release|Any CPU.ActiveCfg = Release|Any CPU
		{D4F76DFD-B24B-4E20-8F44-D1120154FDFF}.Release|Any CPU.Build.0 = Release|Any CPU
		{485F45C2-AC73-44A7-AC3A-76CB7AB9C167}.Debug|Any CPU.ActiveCfg = Debug|Any CPU
		{485F45C2-AC73-44A7-AC3A-76CB7AB9C167}.Debug|Any CPU.Build.0 = Debug|Any CPU
		{485F45C2-AC73-44A7-AC3A-76CB7AB9C167}.Release|Any CPU.ActiveCfg = Release|Any CPU
		{485F45C2-AC73-44A7-AC3A-76CB7AB9C167}.Release|Any CPU.Build.0 = Release|Any CPU
		{8963AA1E-9584-4D24-8627-1D63C54683D3}.Debug|Any CPU.ActiveCfg = Debug|Any CPU
		{8963AA1E-9584-4D24-8627-1D63C54683D3}.Debug|Any CPU.Build.0 = Debug|Any CPU
		{8963AA1E-9584-4D24-8627-1D63C54683D3}.Release|Any CPU.ActiveCfg = Release|Any CPU
		{8963AA1E-9584-4D24-8627-1D63C54683D3}.Release|Any CPU.Build.0 = Release|Any CPU
		{36CE70E4-1CEF-4B46-9219-6560AB7CB908}.Debug|Any CPU.ActiveCfg = Debug|Any CPU
		{36CE70E4-1CEF-4B46-9219-6560AB7CB908}.Debug|Any CPU.Build.0 = Debug|Any CPU
		{36CE70E4-1CEF-4B46-9219-6560AB7CB908}.Release|Any CPU.ActiveCfg = Release|Any CPU
		{36CE70E4-1CEF-4B46-9219-6560AB7CB908}.Release|Any CPU.Build.0 = Release|Any CPU
		{46E2FBEE-6E23-4AA6-BD3D-708F4A258E07}.Debug|Any CPU.ActiveCfg = Debug|Any CPU
		{46E2FBEE-6E23-4AA6-BD3D-708F4A258E07}.Debug|Any CPU.Build.0 = Debug|Any CPU
		{46E2FBEE-6E23-4AA6-BD3D-708F4A258E07}.Release|Any CPU.ActiveCfg = Release|Any CPU
		{46E2FBEE-6E23-4AA6-BD3D-708F4A258E07}.Release|Any CPU.Build.0 = Release|Any CPU
		{DE5423FD-E2A1-439F-AA23-6818A94A5F41}.Debug|Any CPU.ActiveCfg = Debug|Any CPU
		{DE5423FD-E2A1-439F-AA23-6818A94A5F41}.Debug|Any CPU.Build.0 = Debug|Any CPU
		{DE5423FD-E2A1-439F-AA23-6818A94A5F41}.Release|Any CPU.ActiveCfg = Release|Any CPU
		{DE5423FD-E2A1-439F-AA23-6818A94A5F41}.Release|Any CPU.Build.0 = Release|Any CPU
		{70121322-B4C6-4F10-8158-4EFB900E3196}.Debug|Any CPU.ActiveCfg = Debug|Any CPU
		{70121322-B4C6-4F10-8158-4EFB900E3196}.Debug|Any CPU.Build.0 = Debug|Any CPU
		{70121322-B4C6-4F10-8158-4EFB900E3196}.Release|Any CPU.ActiveCfg = Release|Any CPU
		{70121322-B4C6-4F10-8158-4EFB900E3196}.Release|Any CPU.Build.0 = Release|Any CPU
		{BE911DC7-DA3F-43C7-A72C-620F2C074345}.Debug|Any CPU.ActiveCfg = Debug|Any CPU
		{BE911DC7-DA3F-43C7-A72C-620F2C074345}.Debug|Any CPU.Build.0 = Debug|Any CPU
		{BE911DC7-DA3F-43C7-A72C-620F2C074345}.Release|Any CPU.ActiveCfg = Release|Any CPU
		{BE911DC7-DA3F-43C7-A72C-620F2C074345}.Release|Any CPU.Build.0 = Release|Any CPU
		{74793A0C-38BC-481A-85D7-53B2AB1C4A3C}.Debug|Any CPU.ActiveCfg = Debug|Any CPU
		{74793A0C-38BC-481A-85D7-53B2AB1C4A3C}.Debug|Any CPU.Build.0 = Debug|Any CPU
		{74793A0C-38BC-481A-85D7-53B2AB1C4A3C}.Release|Any CPU.ActiveCfg = Release|Any CPU
		{74793A0C-38BC-481A-85D7-53B2AB1C4A3C}.Release|Any CPU.Build.0 = Release|Any CPU
		{605D1338-2645-42A3-9C54-CF11E9ED1AD0}.Debug|Any CPU.ActiveCfg = Debug|Any CPU
		{605D1338-2645-42A3-9C54-CF11E9ED1AD0}.Debug|Any CPU.Build.0 = Debug|Any CPU
		{605D1338-2645-42A3-9C54-CF11E9ED1AD0}.Release|Any CPU.ActiveCfg = Release|Any CPU
		{605D1338-2645-42A3-9C54-CF11E9ED1AD0}.Release|Any CPU.Build.0 = Release|Any CPU
		{7F313031-C280-4BDF-AAEF-6990F49F2F42}.Debug|Any CPU.ActiveCfg = Debug|Any CPU
		{7F313031-C280-4BDF-AAEF-6990F49F2F42}.Debug|Any CPU.Build.0 = Debug|Any CPU
		{7F313031-C280-4BDF-AAEF-6990F49F2F42}.Release|Any CPU.ActiveCfg = Release|Any CPU
		{7F313031-C280-4BDF-AAEF-6990F49F2F42}.Release|Any CPU.Build.0 = Release|Any CPU
		{ED9DFC30-3ED1-4E05-BE75-EDBBD335BF52}.Debug|Any CPU.ActiveCfg = Debug|Any CPU
		{ED9DFC30-3ED1-4E05-BE75-EDBBD335BF52}.Debug|Any CPU.Build.0 = Debug|Any CPU
		{ED9DFC30-3ED1-4E05-BE75-EDBBD335BF52}.Release|Any CPU.ActiveCfg = Release|Any CPU
		{ED9DFC30-3ED1-4E05-BE75-EDBBD335BF52}.Release|Any CPU.Build.0 = Release|Any CPU
		{51310459-E74E-4BE9-9B35-C8F6332C19D5}.Debug|Any CPU.ActiveCfg = Debug|Any CPU
		{51310459-E74E-4BE9-9B35-C8F6332C19D5}.Debug|Any CPU.Build.0 = Debug|Any CPU
		{51310459-E74E-4BE9-9B35-C8F6332C19D5}.Release|Any CPU.ActiveCfg = Release|Any CPU
		{51310459-E74E-4BE9-9B35-C8F6332C19D5}.Release|Any CPU.Build.0 = Release|Any CPU
		{F14BE27E-7EC5-47A3-92DF-C5FB756D9D20}.Debug|Any CPU.ActiveCfg = Debug|Any CPU
		{F14BE27E-7EC5-47A3-92DF-C5FB756D9D20}.Debug|Any CPU.Build.0 = Debug|Any CPU
		{F14BE27E-7EC5-47A3-92DF-C5FB756D9D20}.Release|Any CPU.ActiveCfg = Release|Any CPU
		{F14BE27E-7EC5-47A3-92DF-C5FB756D9D20}.Release|Any CPU.Build.0 = Release|Any CPU
		{D2F00491-5BEA-4BC2-AD9C-A41D79274FC7}.Debug|Any CPU.ActiveCfg = Debug|Any CPU
		{D2F00491-5BEA-4BC2-AD9C-A41D79274FC7}.Debug|Any CPU.Build.0 = Debug|Any CPU
		{D2F00491-5BEA-4BC2-AD9C-A41D79274FC7}.Release|Any CPU.ActiveCfg = Release|Any CPU
		{D2F00491-5BEA-4BC2-AD9C-A41D79274FC7}.Release|Any CPU.Build.0 = Release|Any CPU
		{E4C5AB30-78C3-4099-ACB8-5C96F2260C5B}.Debug|Any CPU.ActiveCfg = Debug|Any CPU
		{E4C5AB30-78C3-4099-ACB8-5C96F2260C5B}.Debug|Any CPU.Build.0 = Debug|Any CPU
		{E4C5AB30-78C3-4099-ACB8-5C96F2260C5B}.Release|Any CPU.ActiveCfg = Release|Any CPU
		{E4C5AB30-78C3-4099-ACB8-5C96F2260C5B}.Release|Any CPU.Build.0 = Release|Any CPU
		{113D094E-5ABD-4B34-BD13-7E33F77EF69A}.Debug|Any CPU.ActiveCfg = Debug|Any CPU
		{113D094E-5ABD-4B34-BD13-7E33F77EF69A}.Debug|Any CPU.Build.0 = Debug|Any CPU
		{113D094E-5ABD-4B34-BD13-7E33F77EF69A}.Release|Any CPU.ActiveCfg = Release|Any CPU
		{113D094E-5ABD-4B34-BD13-7E33F77EF69A}.Release|Any CPU.Build.0 = Release|Any CPU
		{DF50262E-4CB2-4B1B-ABC1-9297BFAD16D5}.Debug|Any CPU.ActiveCfg = Debug|Any CPU
		{DF50262E-4CB2-4B1B-ABC1-9297BFAD16D5}.Debug|Any CPU.Build.0 = Debug|Any CPU
		{DF50262E-4CB2-4B1B-ABC1-9297BFAD16D5}.Release|Any CPU.ActiveCfg = Release|Any CPU
		{DF50262E-4CB2-4B1B-ABC1-9297BFAD16D5}.Release|Any CPU.Build.0 = Release|Any CPU
		{4D0D2110-FA92-4409-B9C0-CF9F8B2B53FC}.Debug|Any CPU.ActiveCfg = Debug|Any CPU
		{4D0D2110-FA92-4409-B9C0-CF9F8B2B53FC}.Debug|Any CPU.Build.0 = Debug|Any CPU
		{4D0D2110-FA92-4409-B9C0-CF9F8B2B53FC}.Release|Any CPU.ActiveCfg = Release|Any CPU
		{4D0D2110-FA92-4409-B9C0-CF9F8B2B53FC}.Release|Any CPU.Build.0 = Release|Any CPU
		{D7C3E750-FB35-4E46-8E4A-3AF9F65BB351}.Debug|Any CPU.ActiveCfg = Debug|Any CPU
		{D7C3E750-FB35-4E46-8E4A-3AF9F65BB351}.Debug|Any CPU.Build.0 = Debug|Any CPU
		{D7C3E750-FB35-4E46-8E4A-3AF9F65BB351}.Release|Any CPU.ActiveCfg = Release|Any CPU
		{D7C3E750-FB35-4E46-8E4A-3AF9F65BB351}.Release|Any CPU.Build.0 = Release|Any CPU
		{1F8C1756-59CF-4305-97EB-B7CB8A9EF95B}.Debug|Any CPU.ActiveCfg = Debug|Any CPU
		{1F8C1756-59CF-4305-97EB-B7CB8A9EF95B}.Debug|Any CPU.Build.0 = Debug|Any CPU
		{1F8C1756-59CF-4305-97EB-B7CB8A9EF95B}.Release|Any CPU.ActiveCfg = Release|Any CPU
		{1F8C1756-59CF-4305-97EB-B7CB8A9EF95B}.Release|Any CPU.Build.0 = Release|Any CPU
		{76E46FC2-D338-4F88-93D8-0F845B7B9C3C}.Debug|Any CPU.ActiveCfg = Debug|Any CPU
		{76E46FC2-D338-4F88-93D8-0F845B7B9C3C}.Debug|Any CPU.Build.0 = Debug|Any CPU
		{76E46FC2-D338-4F88-93D8-0F845B7B9C3C}.Release|Any CPU.ActiveCfg = Release|Any CPU
		{76E46FC2-D338-4F88-93D8-0F845B7B9C3C}.Release|Any CPU.Build.0 = Release|Any CPU
		{71FC765B-1825-498A-9AE9-EFEC5600EC01}.Debug|Any CPU.ActiveCfg = Debug|Any CPU
		{71FC765B-1825-498A-9AE9-EFEC5600EC01}.Debug|Any CPU.Build.0 = Debug|Any CPU
		{71FC765B-1825-498A-9AE9-EFEC5600EC01}.Release|Any CPU.ActiveCfg = Release|Any CPU
		{71FC765B-1825-498A-9AE9-EFEC5600EC01}.Release|Any CPU.Build.0 = Release|Any CPU
		{44E50DF2-F376-406F-868F-538B7A27A784}.Debug|Any CPU.ActiveCfg = Debug|Any CPU
		{44E50DF2-F376-406F-868F-538B7A27A784}.Debug|Any CPU.Build.0 = Debug|Any CPU
		{44E50DF2-F376-406F-868F-538B7A27A784}.Release|Any CPU.ActiveCfg = Release|Any CPU
		{44E50DF2-F376-406F-868F-538B7A27A784}.Release|Any CPU.Build.0 = Release|Any CPU
		{5F7A2209-1D35-4707-88EB-E88527DCF3D5}.Debug|Any CPU.ActiveCfg = Debug|Any CPU
		{5F7A2209-1D35-4707-88EB-E88527DCF3D5}.Debug|Any CPU.Build.0 = Debug|Any CPU
		{5F7A2209-1D35-4707-88EB-E88527DCF3D5}.Release|Any CPU.ActiveCfg = Release|Any CPU
		{5F7A2209-1D35-4707-88EB-E88527DCF3D5}.Release|Any CPU.Build.0 = Release|Any CPU
	EndGlobalSection
	GlobalSection(SolutionProperties) = preSolution
		HideSolutionNode = FALSE
	EndGlobalSection
	GlobalSection(ExtensibilityGlobals) = postSolution
		SolutionGuid = {EB0A42AA-4BD1-4797-AD6E-63C91C9314B4}
	EndGlobalSection
EndGlobal
