
Microsoft Visual Studio Solution File, Format Version 12.00
# Visual Studio Version 17
VisualStudioVersion = 17.3.32922.545
MinimumVisualStudioVersion = 10.0.40219.1
Project("{9A19103F-16F7-4668-BE54-9A1E7A4F7556}") = "P01-SimilarNums", "P01-SimilarNums\P01-SimilarNums.csproj", "{57A07D42-A84C-4F6B-9DD8-D7A5BE5948E8}"
EndProject
Project("{9A19103F-16F7-4668-BE54-9A1E7A4F7556}") = "P02-PersonalNumsSort", "P02-PersonalNumsSort\P02-PersonalNumsSort.csproj", "{C2E51171-254C-4137-94E4-ACFE53FE4FCB}"
EndProject
Project("{9A19103F-16F7-4668-BE54-9A1E7A4F7556}") = "P03-TripleNums", "P03-TripleNums\P03-TripleNums.csproj", "{0F213021-0553-422C-AC6A-58DE91E18F80}"
EndProject
Project("{9A19103F-16F7-4668-BE54-9A1E7A4F7556}") = "P04-MonthsNames", "P04-MonthsNames\P04-MonthsNames.csproj", "{D4F76DFD-B24B-4E20-8F44-D1120154FDFF}"
EndProject
Project("{9A19103F-16F7-4668-BE54-9A1E7A4F7556}") = "P05-Distances", "P05-Distances\P05-Distances.csproj", "{485F45C2-AC73-44A7-AC3A-76CB7AB9C167}"
EndProject
Project("{9A19103F-16F7-4668-BE54-9A1E7A4F7556}") = "P06-FileManagment", "P06-FileManagment\P06-FileManagment.csproj", "{8963AA1E-9584-4D24-8627-1D63C54683D3}"
EndProject
Project("{9A19103F-16F7-4668-BE54-9A1E7A4F7556}") = "P07-HandBallGames(OOP)", "P07-HandBallGames(OOP)\P07-HandBallGames(OOP).csproj", "{36CE70E4-1CEF-4B46-9219-6560AB7CB908}"
EndProject
Project("{FAE04EC0-301F-11D3-BF4B-00C04F79EFBC}") = "P08-SortingAlgorithms", "P08-SortingAlgorithms\P08-SortingAlgorithms.csproj", "{46E2FBEE-6E23-4AA6-BD3D-708F4A258E07}"
EndProject
Global
	GlobalSection(SolutionConfigurationPlatforms) = preSolution
		Debug|Any CPU = Debug|Any CPU
		Release|Any CPU = Release|Any CPU
	EndGlobalSection
	GlobalSection(ProjectConfigurationPlatforms) = postSolution
		{57A07D42-A84C-4F6B-9DD8-D7A5BE5948E8}.Debug|Any CPU.ActiveCfg = Debug|Any CPU
		{57A07D42-A84C-4F6B-9DD8-D7A5BE5948E8}.Debug|Any CPU.Build.0 = Debug|Any CPU
		{57A07D42-A84C-4F6B-9DD8-D7A5BE5948E8}.Release|Any CPU.ActiveCfg = Release|Any CPU
		{57A07D42-A84C-4F6B-9DD8-D7A5BE5948E8}.Release|Any CPU.Build.0 = Release|Any CPU
		{C2E51171-254C-4137-94E4-ACFE53FE4FCB}.Debug|Any CPU.ActiveCfg = Debug|Any CPU
		{C2E51171-254C-4137-94E4-ACFE53FE4FCB}.Debug|Any CPU.Build.0 = Debug|Any CPU
		{C2E51171-254C-4137-94E4-ACFE53FE4FCB}.Release|Any CPU.ActiveCfg = Release|Any CPU
		{C2E51171-254C-4137-94E4-ACFE53FE4FCB}.Release|Any CPU.Build.0 = Release|Any CPU
		{0F213021-0553-422C-AC6A-58DE91E18F80}.Debug|Any CPU.ActiveCfg = Debug|Any CPU
		{0F213021-0553-422C-AC6A-58DE91E18F80}.Debug|Any CPU.Build.0 = Debug|Any CPU
		{0F213021-0553-422C-AC6A-58DE91E18F80}.Release|Any CPU.ActiveCfg = Release|Any CPU
		{0F213021-0553-422C-AC6A-58DE91E18F80}.Release|Any CPU.Build.0 = Release|Any CPU
		{D4F76DFD-B24B-4E20-8F44-D1120154FDFF}.Debug|Any CPU.ActiveCfg = Debug|Any CPU
		{D4F76DFD-B24B-4E20-8F44-D1120154FDFF}.Debug|Any CPU.Build.0 = Debug|Any CPU
		{D4F76DFD-B24B-4E20-8F44-D1120154FDFF}.Release|Any CPU.ActiveCfg = Release|Any CPU
		{D4F76DFD-B24B-4E20-8F44-D1120154FDFF}.Release|Any CPU.Build.0 = Release|Any CPU
		{485F45C2-AC73-44A7-AC3A-76CB7AB9C167}.Debug|Any CPU.ActiveCfg = Debug|Any CPU
		{485F45C2-AC73-44A7-AC3A-76CB7AB9C167}.Debug|Any CPU.Build.0 = Debug|Any CPU
		{485F45C2-AC73-44A7-AC3A-76CB7AB9C167}.Release|Any CPU.ActiveCfg = Release|Any CPU
		{485F45C2-AC73-44A7-AC3A-76CB7AB9C167}.Release|Any CPU.Build.0 = Release|Any CPU
		{8963AA1E-9584-4D24-8627-1D63C54683D3}.Debug|Any CPU.ActiveCfg = Debug|Any CPU
		{8963AA1E-9584-4D24-8627-1D63C54683D3}.Debug|Any CPU.Build.0 = Debug|Any CPU
		{8963AA1E-9584-4D24-8627-1D63C54683D3}.Release|Any CPU.ActiveCfg = Release|Any CPU
		{8963AA1E-9584-4D24-8627-1D63C54683D3}.Release|Any CPU.Build.0 = Release|Any CPU
		{36CE70E4-1CEF-4B46-9219-6560AB7CB908}.Debug|Any CPU.ActiveCfg = Debug|Any CPU
		{36CE70E4-1CEF-4B46-9219-6560AB7CB908}.Debug|Any CPU.Build.0 = Debug|Any CPU
		{36CE70E4-1CEF-4B46-9219-6560AB7CB908}.Release|Any CPU.ActiveCfg = Release|Any CPU
		{36CE70E4-1CEF-4B46-9219-6560AB7CB908}.Release|Any CPU.Build.0 = Release|Any CPU
		{46E2FBEE-6E23-4AA6-BD3D-708F4A258E07}.Debug|Any CPU.ActiveCfg = Debug|Any CPU
		{46E2FBEE-6E23-4AA6-BD3D-708F4A258E07}.Debug|Any CPU.Build.0 = Debug|Any CPU
		{46E2FBEE-6E23-4AA6-BD3D-708F4A258E07}.Release|Any CPU.ActiveCfg = Release|Any CPU
		{46E2FBEE-6E23-4AA6-BD3D-708F4A258E07}.Release|Any CPU.Build.0 = Release|Any CPU
	EndGlobalSection
	GlobalSection(SolutionProperties) = preSolution
		HideSolutionNode = FALSE
	EndGlobalSection
	GlobalSection(ExtensibilityGlobals) = postSolution
		SolutionGuid = {EB0A42AA-4BD1-4797-AD6E-63C91C9314B4}
	EndGlobalSection
EndGlobal
