
Microsoft Visual Studio Solution File, Format Version 12.00
# Visual Studio Version 17
VisualStudioVersion = 17.3.32922.545
MinimumVisualStudioVersion = 10.0.40219.1
Project("{9A19103F-16F7-4668-BE54-9A1E7A4F7556}") = "P06-EasternCompetition", "P06-EasternCompetition\P06-EasternCompetition.csproj", "{EC3DD007-CFA2-4D08-997B-EB704538674D}"
EndProject
Project("{9A19103F-16F7-4668-BE54-9A1E7A4F7556}") = "P05-EasterBake", "P05-EasterBake\P05-EasterBake.csproj", "{705099B7-6FCF-4965-AD4C-2A2B400E597B}"
EndProject
Project("{9A19103F-16F7-4668-BE54-9A1E7A4F7556}") = "P05-EasterEggs", "P05-EasterEggs\P05-EasterEggs.csproj", "{2A94F5F3-3D92-4329-BA91-70D83AAB3547}"
EndProject
Project("{9A19103F-16F7-4668-BE54-9A1E7A4F7556}") = "P04-EasterShop", "P04-EasterShop\P04-EasterShop.csproj", "{EE8FF277-5CF6-4648-BD92-08846679EDFD}"
EndProject
Project("{9A19103F-16F7-4668-BE54-9A1E7A4F7556}") = "P04-EasterEggsBattle", "P04-EasterEggsBattle\P04-EasterEggsBattle.csproj", "{762BE86D-D2C3-4EA1-845C-B7BFE4486228}"
EndProject
Project("{9A19103F-16F7-4668-BE54-9A1E7A4F7556}") = "P03-PaintingEggs", "P03-PaintingEggs\P03-PaintingEggs.csproj", "{22CC00E3-630A-4DAE-8230-911A5D29EF7C}"
EndProject
Project("{9A19103F-16F7-4668-BE54-9A1E7A4F7556}") = "P03-EasterTrip", "P03-EasterTrip\P03-EasterTrip.csproj", "{29995C4D-6D73-4469-B1F0-342EC86563FE}"
EndProject
Project("{9A19103F-16F7-4668-BE54-9A1E7A4F7556}") = "P02-EasterGuests", "P02-EasterGuests\P02-EasterGuests.csproj", "{7E574922-AD2F-48A2-BCAD-97720F7BE083}"
EndProject
Project("{9A19103F-16F7-4668-BE54-9A1E7A4F7556}") = "P02-EasterParty", "P02-EasterParty\P02-EasterParty.csproj", "{0EAFF170-53E8-464D-A573-23B975C3D2D7}"
EndProject
Project("{FAE04EC0-301F-11D3-BF4B-00C04F79EFBC}") = "P01-EasterBakery", "P01-EasterBakery\P01-EasterBakery.csproj", "{A72C2BBF-78EA-472A-B583-ACD425567501}"
EndProject
Project("{FAE04EC0-301F-11D3-BF4B-00C04F79EFBC}") = "P01-EasterLunch", "P01-EasterLunch\P01-EasterLunch.csproj", "{A5D7221C-B4F8-4C16-A906-0069CD5AF5B9}"
EndProject
Project("{FAE04EC0-301F-11D3-BF4B-00C04F79EFBC}") = "P06-EasterDecoration", "P06-EasterDecoration\P06-EasterDecoration.csproj", "{EBCAA4CC-BC44-4B59-B70A-00030666F556}"
EndProject
Global
	GlobalSection(SolutionConfigurationPlatforms) = preSolution
		Debug|Any CPU = Debug|Any CPU
		Release|Any CPU = Release|Any CPU
	EndGlobalSection
	GlobalSection(ProjectConfigurationPlatforms) = postSolution
		{EC3DD007-CFA2-4D08-997B-EB704538674D}.Debug|Any CPU.ActiveCfg = Debug|Any CPU
		{EC3DD007-CFA2-4D08-997B-EB704538674D}.Debug|Any CPU.Build.0 = Debug|Any CPU
		{EC3DD007-CFA2-4D08-997B-EB704538674D}.Release|Any CPU.ActiveCfg = Release|Any CPU
		{EC3DD007-CFA2-4D08-997B-EB704538674D}.Release|Any CPU.Build.0 = Release|Any CPU
		{705099B7-6FCF-4965-AD4C-2A2B400E597B}.Debug|Any CPU.ActiveCfg = Debug|Any CPU
		{705099B7-6FCF-4965-AD4C-2A2B400E597B}.Debug|Any CPU.Build.0 = Debug|Any CPU
		{705099B7-6FCF-4965-AD4C-2A2B400E597B}.Release|Any CPU.ActiveCfg = Release|Any CPU
		{705099B7-6FCF-4965-AD4C-2A2B400E597B}.Release|Any CPU.Build.0 = Release|Any CPU
		{2A94F5F3-3D92-4329-BA91-70D83AAB3547}.Debug|Any CPU.ActiveCfg = Debug|Any CPU
		{2A94F5F3-3D92-4329-BA91-70D83AAB3547}.Debug|Any CPU.Build.0 = Debug|Any CPU
		{2A94F5F3-3D92-4329-BA91-70D83AAB3547}.Release|Any CPU.ActiveCfg = Release|Any CPU
		{2A94F5F3-3D92-4329-BA91-70D83AAB3547}.Release|Any CPU.Build.0 = Release|Any CPU
		{EE8FF277-5CF6-4648-BD92-08846679EDFD}.Debug|Any CPU.ActiveCfg = Debug|Any CPU
		{EE8FF277-5CF6-4648-BD92-08846679EDFD}.Debug|Any CPU.Build.0 = Debug|Any CPU
		{EE8FF277-5CF6-4648-BD92-08846679EDFD}.Release|Any CPU.ActiveCfg = Release|Any CPU
		{EE8FF277-5CF6-4648-BD92-08846679EDFD}.Release|Any CPU.Build.0 = Release|Any CPU
		{762BE86D-D2C3-4EA1-845C-B7BFE4486228}.Debug|Any CPU.ActiveCfg = Debug|Any CPU
		{762BE86D-D2C3-4EA1-845C-B7BFE4486228}.Debug|Any CPU.Build.0 = Debug|Any CPU
		{762BE86D-D2C3-4EA1-845C-B7BFE4486228}.Release|Any CPU.ActiveCfg = Release|Any CPU
		{762BE86D-D2C3-4EA1-845C-B7BFE4486228}.Release|Any CPU.Build.0 = Release|Any CPU
		{22CC00E3-630A-4DAE-8230-911A5D29EF7C}.Debug|Any CPU.ActiveCfg = Debug|Any CPU
		{22CC00E3-630A-4DAE-8230-911A5D29EF7C}.Debug|Any CPU.Build.0 = Debug|Any CPU
		{22CC00E3-630A-4DAE-8230-911A5D29EF7C}.Release|Any CPU.ActiveCfg = Release|Any CPU
		{22CC00E3-630A-4DAE-8230-911A5D29EF7C}.Release|Any CPU.Build.0 = Release|Any CPU
		{29995C4D-6D73-4469-B1F0-342EC86563FE}.Debug|Any CPU.ActiveCfg = Debug|Any CPU
		{29995C4D-6D73-4469-B1F0-342EC86563FE}.Debug|Any CPU.Build.0 = Debug|Any CPU
		{29995C4D-6D73-4469-B1F0-342EC86563FE}.Release|Any CPU.ActiveCfg = Release|Any CPU
		{29995C4D-6D73-4469-B1F0-342EC86563FE}.Release|Any CPU.Build.0 = Release|Any CPU
		{7E574922-AD2F-48A2-BCAD-97720F7BE083}.Debug|Any CPU.ActiveCfg = Debug|Any CPU
		{7E574922-AD2F-48A2-BCAD-97720F7BE083}.Debug|Any CPU.Build.0 = Debug|Any CPU
		{7E574922-AD2F-48A2-BCAD-97720F7BE083}.Release|Any CPU.ActiveCfg = Release|Any CPU
		{7E574922-AD2F-48A2-BCAD-97720F7BE083}.Release|Any CPU.Build.0 = Release|Any CPU
		{0EAFF170-53E8-464D-A573-23B975C3D2D7}.Debug|Any CPU.ActiveCfg = Debug|Any CPU
		{0EAFF170-53E8-464D-A573-23B975C3D2D7}.Debug|Any CPU.Build.0 = Debug|Any CPU
		{0EAFF170-53E8-464D-A573-23B975C3D2D7}.Release|Any CPU.ActiveCfg = Release|Any CPU
		{0EAFF170-53E8-464D-A573-23B975C3D2D7}.Release|Any CPU.Build.0 = Release|Any CPU
		{A72C2BBF-78EA-472A-B583-ACD425567501}.Debug|Any CPU.ActiveCfg = Debug|Any CPU
		{A72C2BBF-78EA-472A-B583-ACD425567501}.Debug|Any CPU.Build.0 = Debug|Any CPU
		{A72C2BBF-78EA-472A-B583-ACD425567501}.Release|Any CPU.ActiveCfg = Release|Any CPU
		{A72C2BBF-78EA-472A-B583-ACD425567501}.Release|Any CPU.Build.0 = Release|Any CPU
		{A5D7221C-B4F8-4C16-A906-0069CD5AF5B9}.Debug|Any CPU.ActiveCfg = Debug|Any CPU
		{A5D7221C-B4F8-4C16-A906-0069CD5AF5B9}.Debug|Any CPU.Build.0 = Debug|Any CPU
		{A5D7221C-B4F8-4C16-A906-0069CD5AF5B9}.Release|Any CPU.ActiveCfg = Release|Any CPU
		{A5D7221C-B4F8-4C16-A906-0069CD5AF5B9}.Release|Any CPU.Build.0 = Release|Any CPU
		{EBCAA4CC-BC44-4B59-B70A-00030666F556}.Debug|Any CPU.ActiveCfg = Debug|Any CPU
		{EBCAA4CC-BC44-4B59-B70A-00030666F556}.Debug|Any CPU.Build.0 = Debug|Any CPU
		{EBCAA4CC-BC44-4B59-B70A-00030666F556}.Release|Any CPU.ActiveCfg = Release|Any CPU
		{EBCAA4CC-BC44-4B59-B70A-00030666F556}.Release|Any CPU.Build.0 = Release|Any CPU
	EndGlobalSection
	GlobalSection(SolutionProperties) = preSolution
		HideSolutionNode = FALSE
	EndGlobalSection
	GlobalSection(ExtensibilityGlobals) = postSolution
		SolutionGuid = {ADCA5DD3-B1EF-4F15-A5E8-8ADBA30D670B}
	EndGlobalSection
EndGlobal
