
Microsoft Visual Studio Solution File, Format Version 12.00
# Visual Studio Version 17
VisualStudioVersion = 17.3.32922.545
MinimumVisualStudioVersion = 10.0.40219.1
Project("{9A19103F-16F7-4668-BE54-9A1E7A4F7556}") = "P01-PersonalInfoData", "P01-PersonalInfoData\P01-PersonalInfoData.csproj", "{3E817A63-FFA7-4246-91E6-C15EB735228B}"
EndProject
Project("{9A19103F-16F7-4668-BE54-9A1E7A4F7556}") = "P02-SudentsGrades", "P02-SudentsGrades\P02-SudentsGrades.csproj", "{1765C3D3-1FD2-41DE-9F97-E517012B3D46}"
EndProject
Project("{9A19103F-16F7-4668-BE54-9A1E7A4F7556}") = "P03-HotelBookingApplication(OOP)", "P03-HotelBookingApplication(OOP)\P03-HotelBookingApplication(OOP).csproj", "{178035AF-2802-4297-A715-AE4A0BE386D3}"
EndProject
Project("{9A19103F-16F7-4668-BE54-9A1E7A4F7556}") = "P04-LessonsFinder", "P04-LessonsFinder\P04-LessonsFinder.csproj", "{5F6ED921-F27C-4D52-A701-609D097D8DAE}"
EndProject
Project("{9A19103F-16F7-4668-BE54-9A1E7A4F7556}") = "P05-FilesMethods", "P05-FilesMethods\P05-FilesMethods.csproj", "{2844A674-157D-4F1C-939D-1EE0E00C2FA9}"
EndProject
Project("{9A19103F-16F7-4668-BE54-9A1E7A4F7556}") = "P06-RotationArray", "P06-RotationArray\P06-RotationArray.csproj", "{56D8602D-B80C-4583-8224-B8F4E104C8D4}"
EndProject
Project("{9A19103F-16F7-4668-BE54-9A1E7A4F7556}") = "P07-HighwayToPeak", "P07-HighwayToPeak\P07-HighwayToPeak.csproj", "{664EEC0E-C582-4342-A299-0E91EEC35DE6}"
EndProject
Project("{9A19103F-16F7-4668-BE54-9A1E7A4F7556}") = "P08-NauticalCatchChallenge(OOP)", "P08-NauticalCatchChallenge(OOP)\P08-NauticalCatchChallenge(OOP).csproj", "{4F20D2CD-6219-4F1C-A998-2378C4DDD1A3}"
EndProject
Project("{9A19103F-16F7-4668-BE54-9A1E7A4F7556}") = "P08-UpperCaseString", "P08-UpperCaseString\P08-UpperCaseString.csproj", "{8E96861E-589D-45C5-AEA0-D5D51C4AC30B}"
EndProject
Project("{9A19103F-16F7-4668-BE54-9A1E7A4F7556}") = "P09-Recursion", "P09-Recursion\P09-Recursion.csproj", "{F61ECD16-77FC-4E1C-A167-86FC959655DF}"
EndProject
Project("{9A19103F-16F7-4668-BE54-9A1E7A4F7556}") = "P10-ExcellentGrades", "P10-ExcellentGrades\P10-ExcellentGrades.csproj", "{98E549BB-E0DD-46B0-A8D7-C1C5F9280401}"
EndProject
Project("{9A19103F-16F7-4668-BE54-9A1E7A4F7556}") = "P11-DevidedByItsNums", "P11-DevidedByItsNums\P11-DevidedByItsNums.csproj", "{D4CEE9E7-A547-4719-8097-CFB96E6608FE}"
EndProject
Project("{9A19103F-16F7-4668-BE54-9A1E7A4F7556}") = "P12-Worms&Holes", "P12-Worms&Holes\P12-Worms&Holes.csproj", "{2E4D2625-708A-4C99-B9BB-A4C1538037B3}"
EndProject
Project("{9A19103F-16F7-4668-BE54-9A1E7A4F7556}") = "P13-DZI2023", "P13-DZI2023\P13-DZI2023.csproj", "{A417B9EB-851A-4465-8CAC-6DA6D3432ADC}"
EndProject
Project("{9A19103F-16F7-4668-BE54-9A1E7A4F7556}") = "P14-BombNumbers(List)", "P14-BombNumbers(List)\P14-BombNumbers(List).csproj", "{BB0DB60A-4D7A-4987-8036-87AC9AC4454D}"
EndProject
Project("{9A19103F-16F7-4668-BE54-9A1E7A4F7556}") = "P15-DZIPomagalo", "P15-DZIPomagalo\P15-DZIPomagalo.csproj", "{7476E866-4354-4543-9DFB-3842A70B21A8}"
EndProject
Project("{9A19103F-16F7-4668-BE54-9A1E7A4F7556}") = "P16-ItemClass", "P16-ItemClass\P16-ItemClass.csproj", "{990D7208-C286-42F1-A092-F25054F1A53B}"
EndProject
Project("{9A19103F-16F7-4668-BE54-9A1E7A4F7556}") = "P17-OnlineStore", "P17-OnlineStore\P17-OnlineStore.csproj", "{93C8C3E5-966C-402A-A167-210CA5BB77DF}"
EndProject
Project("{9A19103F-16F7-4668-BE54-9A1E7A4F7556}") = "P18-UniversityCompetition(OOP)", "P18-UniversityCompetition(OOP)\P18-UniversityCompetition(OOP).csproj", "{C507ED59-3CF5-41ED-97A1-19F50D97B8B4}"
EndProject
Project("{9A19103F-16F7-4668-BE54-9A1E7A4F7556}") = "P19-ArrayOperations", "P19-ArrayOperations\P19-ArrayOperations.csproj", "{3CDFFC98-1433-4FFF-9180-236F08DCADE4}"
EndProject
Project("{9A19103F-16F7-4668-BE54-9A1E7A4F7556}") = "P20-ListOperations", "P20-ListOperations\P20-ListOperations.csproj", "{B46989F0-A6C6-4185-86A1-0F29A9FF770D}"
EndProject
Project("{9A19103F-16F7-4668-BE54-9A1E7A4F7556}") = "P21-AddinitonalExercises", "P21-AddinitonalExercieses\P21-AddinitonalExercises.csproj", "{8BF849BE-572F-43E7-994E-E8820F023555}"
EndProject
Project("{FAE04EC0-301F-11D3-BF4B-00C04F79EFBC}") = "P22-TheGambler(Matrix)", "P22-TheGambler(Matrix)\P22-TheGambler(Matrix).csproj", "{DCFC36D8-7F8F-49C1-9D69-A42481750672}"
EndProject
Global
	GlobalSection(SolutionConfigurationPlatforms) = preSolution
		Debug|Any CPU = Debug|Any CPU
		Release|Any CPU = Release|Any CPU
	EndGlobalSection
	GlobalSection(ProjectConfigurationPlatforms) = postSolution
		{3E817A63-FFA7-4246-91E6-C15EB735228B}.Debug|Any CPU.ActiveCfg = Debug|Any CPU
		{3E817A63-FFA7-4246-91E6-C15EB735228B}.Debug|Any CPU.Build.0 = Debug|Any CPU
		{3E817A63-FFA7-4246-91E6-C15EB735228B}.Release|Any CPU.ActiveCfg = Release|Any CPU
		{3E817A63-FFA7-4246-91E6-C15EB735228B}.Release|Any CPU.Build.0 = Release|Any CPU
		{1765C3D3-1FD2-41DE-9F97-E517012B3D46}.Debug|Any CPU.ActiveCfg = Debug|Any CPU
		{1765C3D3-1FD2-41DE-9F97-E517012B3D46}.Debug|Any CPU.Build.0 = Debug|Any CPU
		{1765C3D3-1FD2-41DE-9F97-E517012B3D46}.Release|Any CPU.ActiveCfg = Release|Any CPU
		{1765C3D3-1FD2-41DE-9F97-E517012B3D46}.Release|Any CPU.Build.0 = Release|Any CPU
		{178035AF-2802-4297-A715-AE4A0BE386D3}.Debug|Any CPU.ActiveCfg = Debug|Any CPU
		{178035AF-2802-4297-A715-AE4A0BE386D3}.Debug|Any CPU.Build.0 = Debug|Any CPU
		{178035AF-2802-4297-A715-AE4A0BE386D3}.Release|Any CPU.ActiveCfg = Release|Any CPU
		{178035AF-2802-4297-A715-AE4A0BE386D3}.Release|Any CPU.Build.0 = Release|Any CPU
		{5F6ED921-F27C-4D52-A701-609D097D8DAE}.Debug|Any CPU.ActiveCfg = Debug|Any CPU
		{5F6ED921-F27C-4D52-A701-609D097D8DAE}.Debug|Any CPU.Build.0 = Debug|Any CPU
		{5F6ED921-F27C-4D52-A701-609D097D8DAE}.Release|Any CPU.ActiveCfg = Release|Any CPU
		{5F6ED921-F27C-4D52-A701-609D097D8DAE}.Release|Any CPU.Build.0 = Release|Any CPU
		{2844A674-157D-4F1C-939D-1EE0E00C2FA9}.Debug|Any CPU.ActiveCfg = Debug|Any CPU
		{2844A674-157D-4F1C-939D-1EE0E00C2FA9}.Debug|Any CPU.Build.0 = Debug|Any CPU
		{2844A674-157D-4F1C-939D-1EE0E00C2FA9}.Release|Any CPU.ActiveCfg = Release|Any CPU
		{2844A674-157D-4F1C-939D-1EE0E00C2FA9}.Release|Any CPU.Build.0 = Release|Any CPU
		{56D8602D-B80C-4583-8224-B8F4E104C8D4}.Debug|Any CPU.ActiveCfg = Debug|Any CPU
		{56D8602D-B80C-4583-8224-B8F4E104C8D4}.Debug|Any CPU.Build.0 = Debug|Any CPU
		{56D8602D-B80C-4583-8224-B8F4E104C8D4}.Release|Any CPU.ActiveCfg = Release|Any CPU
		{56D8602D-B80C-4583-8224-B8F4E104C8D4}.Release|Any CPU.Build.0 = Release|Any CPU
		{664EEC0E-C582-4342-A299-0E91EEC35DE6}.Debug|Any CPU.ActiveCfg = Debug|Any CPU
		{664EEC0E-C582-4342-A299-0E91EEC35DE6}.Debug|Any CPU.Build.0 = Debug|Any CPU
		{664EEC0E-C582-4342-A299-0E91EEC35DE6}.Release|Any CPU.ActiveCfg = Release|Any CPU
		{664EEC0E-C582-4342-A299-0E91EEC35DE6}.Release|Any CPU.Build.0 = Release|Any CPU
		{4F20D2CD-6219-4F1C-A998-2378C4DDD1A3}.Debug|Any CPU.ActiveCfg = Debug|Any CPU
		{4F20D2CD-6219-4F1C-A998-2378C4DDD1A3}.Debug|Any CPU.Build.0 = Debug|Any CPU
		{4F20D2CD-6219-4F1C-A998-2378C4DDD1A3}.Release|Any CPU.ActiveCfg = Release|Any CPU
		{4F20D2CD-6219-4F1C-A998-2378C4DDD1A3}.Release|Any CPU.Build.0 = Release|Any CPU
		{8E96861E-589D-45C5-AEA0-D5D51C4AC30B}.Debug|Any CPU.ActiveCfg = Debug|Any CPU
		{8E96861E-589D-45C5-AEA0-D5D51C4AC30B}.Debug|Any CPU.Build.0 = Debug|Any CPU
		{8E96861E-589D-45C5-AEA0-D5D51C4AC30B}.Release|Any CPU.ActiveCfg = Release|Any CPU
		{8E96861E-589D-45C5-AEA0-D5D51C4AC30B}.Release|Any CPU.Build.0 = Release|Any CPU
		{F61ECD16-77FC-4E1C-A167-86FC959655DF}.Debug|Any CPU.ActiveCfg = Debug|Any CPU
		{F61ECD16-77FC-4E1C-A167-86FC959655DF}.Debug|Any CPU.Build.0 = Debug|Any CPU
		{F61ECD16-77FC-4E1C-A167-86FC959655DF}.Release|Any CPU.ActiveCfg = Release|Any CPU
		{F61ECD16-77FC-4E1C-A167-86FC959655DF}.Release|Any CPU.Build.0 = Release|Any CPU
		{98E549BB-E0DD-46B0-A8D7-C1C5F9280401}.Debug|Any CPU.ActiveCfg = Debug|Any CPU
		{98E549BB-E0DD-46B0-A8D7-C1C5F9280401}.Debug|Any CPU.Build.0 = Debug|Any CPU
		{98E549BB-E0DD-46B0-A8D7-C1C5F9280401}.Release|Any CPU.ActiveCfg = Release|Any CPU
		{98E549BB-E0DD-46B0-A8D7-C1C5F9280401}.Release|Any CPU.Build.0 = Release|Any CPU
		{D4CEE9E7-A547-4719-8097-CFB96E6608FE}.Debug|Any CPU.ActiveCfg = Debug|Any CPU
		{D4CEE9E7-A547-4719-8097-CFB96E6608FE}.Debug|Any CPU.Build.0 = Debug|Any CPU
		{D4CEE9E7-A547-4719-8097-CFB96E6608FE}.Release|Any CPU.ActiveCfg = Release|Any CPU
		{D4CEE9E7-A547-4719-8097-CFB96E6608FE}.Release|Any CPU.Build.0 = Release|Any CPU
		{2E4D2625-708A-4C99-B9BB-A4C1538037B3}.Debug|Any CPU.ActiveCfg = Debug|Any CPU
		{2E4D2625-708A-4C99-B9BB-A4C1538037B3}.Debug|Any CPU.Build.0 = Debug|Any CPU
		{2E4D2625-708A-4C99-B9BB-A4C1538037B3}.Release|Any CPU.ActiveCfg = Release|Any CPU
		{2E4D2625-708A-4C99-B9BB-A4C1538037B3}.Release|Any CPU.Build.0 = Release|Any CPU
		{A417B9EB-851A-4465-8CAC-6DA6D3432ADC}.Debug|Any CPU.ActiveCfg = Debug|Any CPU
		{A417B9EB-851A-4465-8CAC-6DA6D3432ADC}.Debug|Any CPU.Build.0 = Debug|Any CPU
		{A417B9EB-851A-4465-8CAC-6DA6D3432ADC}.Release|Any CPU.ActiveCfg = Release|Any CPU
		{A417B9EB-851A-4465-8CAC-6DA6D3432ADC}.Release|Any CPU.Build.0 = Release|Any CPU
		{BB0DB60A-4D7A-4987-8036-87AC9AC4454D}.Debug|Any CPU.ActiveCfg = Debug|Any CPU
		{BB0DB60A-4D7A-4987-8036-87AC9AC4454D}.Debug|Any CPU.Build.0 = Debug|Any CPU
		{BB0DB60A-4D7A-4987-8036-87AC9AC4454D}.Release|Any CPU.ActiveCfg = Release|Any CPU
		{BB0DB60A-4D7A-4987-8036-87AC9AC4454D}.Release|Any CPU.Build.0 = Release|Any CPU
		{7476E866-4354-4543-9DFB-3842A70B21A8}.Debug|Any CPU.ActiveCfg = Debug|Any CPU
		{7476E866-4354-4543-9DFB-3842A70B21A8}.Debug|Any CPU.Build.0 = Debug|Any CPU
		{7476E866-4354-4543-9DFB-3842A70B21A8}.Release|Any CPU.ActiveCfg = Release|Any CPU
		{7476E866-4354-4543-9DFB-3842A70B21A8}.Release|Any CPU.Build.0 = Release|Any CPU
		{990D7208-C286-42F1-A092-F25054F1A53B}.Debug|Any CPU.ActiveCfg = Debug|Any CPU
		{990D7208-C286-42F1-A092-F25054F1A53B}.Debug|Any CPU.Build.0 = Debug|Any CPU
		{990D7208-C286-42F1-A092-F25054F1A53B}.Release|Any CPU.ActiveCfg = Release|Any CPU
		{990D7208-C286-42F1-A092-F25054F1A53B}.Release|Any CPU.Build.0 = Release|Any CPU
		{93C8C3E5-966C-402A-A167-210CA5BB77DF}.Debug|Any CPU.ActiveCfg = Debug|Any CPU
		{93C8C3E5-966C-402A-A167-210CA5BB77DF}.Debug|Any CPU.Build.0 = Debug|Any CPU
		{93C8C3E5-966C-402A-A167-210CA5BB77DF}.Release|Any CPU.ActiveCfg = Release|Any CPU
		{93C8C3E5-966C-402A-A167-210CA5BB77DF}.Release|Any CPU.Build.0 = Release|Any CPU
		{C507ED59-3CF5-41ED-97A1-19F50D97B8B4}.Debug|Any CPU.ActiveCfg = Debug|Any CPU
		{C507ED59-3CF5-41ED-97A1-19F50D97B8B4}.Debug|Any CPU.Build.0 = Debug|Any CPU
		{C507ED59-3CF5-41ED-97A1-19F50D97B8B4}.Release|Any CPU.ActiveCfg = Release|Any CPU
		{C507ED59-3CF5-41ED-97A1-19F50D97B8B4}.Release|Any CPU.Build.0 = Release|Any CPU
		{3CDFFC98-1433-4FFF-9180-236F08DCADE4}.Debug|Any CPU.ActiveCfg = Debug|Any CPU
		{3CDFFC98-1433-4FFF-9180-236F08DCADE4}.Debug|Any CPU.Build.0 = Debug|Any CPU
		{3CDFFC98-1433-4FFF-9180-236F08DCADE4}.Release|Any CPU.ActiveCfg = Release|Any CPU
		{3CDFFC98-1433-4FFF-9180-236F08DCADE4}.Release|Any CPU.Build.0 = Release|Any CPU
		{B46989F0-A6C6-4185-86A1-0F29A9FF770D}.Debug|Any CPU.ActiveCfg = Debug|Any CPU
		{B46989F0-A6C6-4185-86A1-0F29A9FF770D}.Debug|Any CPU.Build.0 = Debug|Any CPU
		{B46989F0-A6C6-4185-86A1-0F29A9FF770D}.Release|Any CPU.ActiveCfg = Release|Any CPU
		{B46989F0-A6C6-4185-86A1-0F29A9FF770D}.Release|Any CPU.Build.0 = Release|Any CPU
		{8BF849BE-572F-43E7-994E-E8820F023555}.Debug|Any CPU.ActiveCfg = Debug|Any CPU
		{8BF849BE-572F-43E7-994E-E8820F023555}.Debug|Any CPU.Build.0 = Debug|Any CPU
		{8BF849BE-572F-43E7-994E-E8820F023555}.Release|Any CPU.ActiveCfg = Release|Any CPU
		{8BF849BE-572F-43E7-994E-E8820F023555}.Release|Any CPU.Build.0 = Release|Any CPU
		{DCFC36D8-7F8F-49C1-9D69-A42481750672}.Debug|Any CPU.ActiveCfg = Debug|Any CPU
		{DCFC36D8-7F8F-49C1-9D69-A42481750672}.Debug|Any CPU.Build.0 = Debug|Any CPU
		{DCFC36D8-7F8F-49C1-9D69-A42481750672}.Release|Any CPU.ActiveCfg = Release|Any CPU
		{DCFC36D8-7F8F-49C1-9D69-A42481750672}.Release|Any CPU.Build.0 = Release|Any CPU
	EndGlobalSection
	GlobalSection(SolutionProperties) = preSolution
		HideSolutionNode = FALSE
	EndGlobalSection
	GlobalSection(ExtensibilityGlobals) = postSolution
		SolutionGuid = {2D362E4A-2952-4450-BAC1-E205ABD05018}
	EndGlobalSection
EndGlobal
