
Microsoft Visual Studio Solution File, Format Version 12.00
# Visual Studio Version 17
VisualStudioVersion = 17.3.32922.545
MinimumVisualStudioVersion = 10.0.40219.1
Project("{9A19103F-16F7-4668-BE54-9A1E7A4F7556}") = "P01-PersonalInfoData", "P01-PersonalInfoData\P01-PersonalInfoData.csproj", "{3E817A63-FFA7-4246-91E6-C15EB735228B}"
EndProject
Project("{FAE04EC0-301F-11D3-BF4B-00C04F79EFBC}") = "P02-SudentsGrades", "P02-SudentsGrades\P02-SudentsGrades.csproj", "{1765C3D3-1FD2-41DE-9F97-E517012B3D46}"
EndProject
Global
	GlobalSection(SolutionConfigurationPlatforms) = preSolution
		Debug|Any CPU = Debug|Any CPU
		Release|Any CPU = Release|Any CPU
	EndGlobalSection
	GlobalSection(ProjectConfigurationPlatforms) = postSolution
		{3E817A63-FFA7-4246-91E6-C15EB735228B}.Debug|Any CPU.ActiveCfg = Debug|Any CPU
		{3E817A63-FFA7-4246-91E6-C15EB735228B}.Debug|Any CPU.Build.0 = Debug|Any CPU
		{3E817A63-FFA7-4246-91E6-C15EB735228B}.Release|Any CPU.ActiveCfg = Release|Any CPU
		{3E817A63-FFA7-4246-91E6-C15EB735228B}.Release|Any CPU.Build.0 = Release|Any CPU
		{1765C3D3-1FD2-41DE-9F97-E517012B3D46}.Debug|Any CPU.ActiveCfg = Debug|Any CPU
		{1765C3D3-1FD2-41DE-9F97-E517012B3D46}.Debug|Any CPU.Build.0 = Debug|Any CPU
		{1765C3D3-1FD2-41DE-9F97-E517012B3D46}.Release|Any CPU.ActiveCfg = Release|Any CPU
		{1765C3D3-1FD2-41DE-9F97-E517012B3D46}.Release|Any CPU.Build.0 = Release|Any CPU
	EndGlobalSection
	GlobalSection(SolutionProperties) = preSolution
		HideSolutionNode = FALSE
	EndGlobalSection
	GlobalSection(ExtensibilityGlobals) = postSolution
		SolutionGuid = {2D362E4A-2952-4450-BAC1-E205ABD05018}
	EndGlobalSection
EndGlobal
