
Microsoft Visual Studio Solution File, Format Version 12.00
# Visual Studio Version 17
VisualStudioVersion = 17.3.32922.545
MinimumVisualStudioVersion = 10.0.40219.1
Project("{9A19103F-16F7-4668-BE54-9A1E7A4F7556}") = "P02-Cars", "P02-Cars\P02-Cars.csproj", "{8411150E-BD40-412B-8C7B-57F2EB0C118A}"
EndProject
Project("{9A19103F-16F7-4668-BE54-9A1E7A4F7556}") = "P03. DefineAnInterfaceIPerson", "P03. DefineAnInterfaceIPerson\P03. DefineAnInterfaceIPerson.csproj", "{4E008E91-4842-4DFC-8EE0-19B18183D643}"
EndProject
Project("{9A19103F-16F7-4668-BE54-9A1E7A4F7556}") = "P04. MultipleImplementations", "P04. MultipleImplementations\P04. MultipleImplementations.csproj", "{F0DEEFE1-C7E4-49BC-BCAA-D2B151E19B4C}"
EndProject
Project("{9A19103F-16F7-4668-BE54-9A1E7A4F7556}") = "P05. Telephony", "P05. Telephony\P05. Telephony.csproj", "{2C003F5E-B604-4CC3-A555-A42E214A7F38}"
EndProject
Project("{FAE04EC0-301F-11D3-BF4B-00C04F79EFBC}") = "P06-BorderControl", "P06-BorderControl\P06-BorderControl.csproj", "{C2558EC4-B8B4-4FD5-9772-D06B531833E4}"
EndProject
Project("{FAE04EC0-301F-11D3-BF4B-00C04F79EFBC}") = "P07-BirthdayCelebrations", "P07-BirthdayCelebrations\P07-BirthdayCelebrations.csproj", "{54385315-D19F-4971-ABA3-BABE2A73D002}"
EndProject
Project("{FAE04EC0-301F-11D3-BF4B-00C04F79EFBC}") = "P09.MilitaryElite", "P08-FoodShortage\P09.MilitaryElite.csproj", "{FCC838A2-4FD3-4B87-8788-DE67A99366C8}"
EndProject
Global
	GlobalSection(SolutionConfigurationPlatforms) = preSolution
		Debug|Any CPU = Debug|Any CPU
		Release|Any CPU = Release|Any CPU
	EndGlobalSection
	GlobalSection(ProjectConfigurationPlatforms) = postSolution
		{8411150E-BD40-412B-8C7B-57F2EB0C118A}.Debug|Any CPU.ActiveCfg = Debug|Any CPU
		{8411150E-BD40-412B-8C7B-57F2EB0C118A}.Debug|Any CPU.Build.0 = Debug|Any CPU
		{8411150E-BD40-412B-8C7B-57F2EB0C118A}.Release|Any CPU.ActiveCfg = Release|Any CPU
		{8411150E-BD40-412B-8C7B-57F2EB0C118A}.Release|Any CPU.Build.0 = Release|Any CPU
		{4E008E91-4842-4DFC-8EE0-19B18183D643}.Debug|Any CPU.ActiveCfg = Debug|Any CPU
		{4E008E91-4842-4DFC-8EE0-19B18183D643}.Debug|Any CPU.Build.0 = Debug|Any CPU
		{4E008E91-4842-4DFC-8EE0-19B18183D643}.Release|Any CPU.ActiveCfg = Release|Any CPU
		{4E008E91-4842-4DFC-8EE0-19B18183D643}.Release|Any CPU.Build.0 = Release|Any CPU
		{F0DEEFE1-C7E4-49BC-BCAA-D2B151E19B4C}.Debug|Any CPU.ActiveCfg = Debug|Any CPU
		{F0DEEFE1-C7E4-49BC-BCAA-D2B151E19B4C}.Debug|Any CPU.Build.0 = Debug|Any CPU
		{F0DEEFE1-C7E4-49BC-BCAA-D2B151E19B4C}.Release|Any CPU.ActiveCfg = Release|Any CPU
		{F0DEEFE1-C7E4-49BC-BCAA-D2B151E19B4C}.Release|Any CPU.Build.0 = Release|Any CPU
		{2C003F5E-B604-4CC3-A555-A42E214A7F38}.Debug|Any CPU.ActiveCfg = Debug|Any CPU
		{2C003F5E-B604-4CC3-A555-A42E214A7F38}.Debug|Any CPU.Build.0 = Debug|Any CPU
		{2C003F5E-B604-4CC3-A555-A42E214A7F38}.Release|Any CPU.ActiveCfg = Release|Any CPU
		{2C003F5E-B604-4CC3-A555-A42E214A7F38}.Release|Any CPU.Build.0 = Release|Any CPU
		{C2558EC4-B8B4-4FD5-9772-D06B531833E4}.Debug|Any CPU.ActiveCfg = Debug|Any CPU
		{C2558EC4-B8B4-4FD5-9772-D06B531833E4}.Debug|Any CPU.Build.0 = Debug|Any CPU
		{C2558EC4-B8B4-4FD5-9772-D06B531833E4}.Release|Any CPU.ActiveCfg = Release|Any CPU
		{C2558EC4-B8B4-4FD5-9772-D06B531833E4}.Release|Any CPU.Build.0 = Release|Any CPU
		{54385315-D19F-4971-ABA3-BABE2A73D002}.Debug|Any CPU.ActiveCfg = Debug|Any CPU
		{54385315-D19F-4971-ABA3-BABE2A73D002}.Debug|Any CPU.Build.0 = Debug|Any CPU
		{54385315-D19F-4971-ABA3-BABE2A73D002}.Release|Any CPU.ActiveCfg = Release|Any CPU
		{54385315-D19F-4971-ABA3-BABE2A73D002}.Release|Any CPU.Build.0 = Release|Any CPU
		{FCC838A2-4FD3-4B87-8788-DE67A99366C8}.Debug|Any CPU.ActiveCfg = Debug|Any CPU
		{FCC838A2-4FD3-4B87-8788-DE67A99366C8}.Debug|Any CPU.Build.0 = Debug|Any CPU
		{FCC838A2-4FD3-4B87-8788-DE67A99366C8}.Release|Any CPU.ActiveCfg = Release|Any CPU
		{FCC838A2-4FD3-4B87-8788-DE67A99366C8}.Release|Any CPU.Build.0 = Release|Any CPU
	EndGlobalSection
	GlobalSection(SolutionProperties) = preSolution
		HideSolutionNode = FALSE
	EndGlobalSection
	GlobalSection(ExtensibilityGlobals) = postSolution
		SolutionGuid = {02E31677-FE6A-4B06-ACA9-9FC3C46051C6}
	EndGlobalSection
EndGlobal
