
Microsoft Visual Studio Solution File, Format Version 12.00
# Visual Studio Version 17
VisualStudioVersion = 17.8.34330.188
MinimumVisualStudioVersion = 10.0.40219.1
Project("{9A19103F-16F7-4668-BE54-9A1E7A4F7556}") = "P01-SinoTheWalker", "P01-SinoTheWalker\P01-SinoTheWalker.csproj", "{1DAB8E76-D09A-4576-B507-2D96AA7FB25D}"
EndProject
Project("{9A19103F-16F7-4668-BE54-9A1E7A4F7556}") = "P02-ListyIterator", "P02-ListyIterator\P02-ListyIterator.csproj", "{0C546D34-D266-4929-B65A-B73409DFF39B}"
EndProject
Project("{9A19103F-16F7-4668-BE54-9A1E7A4F7556}") = "P03-ValidEmails", "P03-ValidEmails\P03-ValidEmails.csproj", "{E08E898E-A014-4B36-BEE8-FE1F4A8B89C9}"
EndProject
Project("{9A19103F-16F7-4668-BE54-9A1E7A4F7556}") = "P04-ArrayManipulation", "P04-ArrayManipulation\P04-ArrayManipulation.csproj", "{44A53175-A52E-4C75-AC79-14620253E6AB}"
EndProject
Project("{FAE04EC0-301F-11D3-BF4B-00C04F79EFBC}") = "P05-CharactersInRange", "P05-CharactersInRange\P05-CharactersInRange.csproj", "{2AA48589-7451-4D1E-97CF-925BA9007ABD}"
EndProject
Project("{FAE04EC0-301F-11D3-BF4B-00C04F79EFBC}") = "P06-PasswordValidator", "P06-PasswordValidator\P06-PasswordValidator.csproj", "{4854D254-AA7E-4C02-8021-7A56A817C227}"
EndProject
Global
	GlobalSection(SolutionConfigurationPlatforms) = preSolution
		Debug|Any CPU = Debug|Any CPU
		Release|Any CPU = Release|Any CPU
	EndGlobalSection
	GlobalSection(ProjectConfigurationPlatforms) = postSolution
		{1DAB8E76-D09A-4576-B507-2D96AA7FB25D}.Debug|Any CPU.ActiveCfg = Debug|Any CPU
		{1DAB8E76-D09A-4576-B507-2D96AA7FB25D}.Debug|Any CPU.Build.0 = Debug|Any CPU
		{1DAB8E76-D09A-4576-B507-2D96AA7FB25D}.Release|Any CPU.ActiveCfg = Release|Any CPU
		{1DAB8E76-D09A-4576-B507-2D96AA7FB25D}.Release|Any CPU.Build.0 = Release|Any CPU
		{0C546D34-D266-4929-B65A-B73409DFF39B}.Debug|Any CPU.ActiveCfg = Debug|Any CPU
		{0C546D34-D266-4929-B65A-B73409DFF39B}.Debug|Any CPU.Build.0 = Debug|Any CPU
		{0C546D34-D266-4929-B65A-B73409DFF39B}.Release|Any CPU.ActiveCfg = Release|Any CPU
		{0C546D34-D266-4929-B65A-B73409DFF39B}.Release|Any CPU.Build.0 = Release|Any CPU
		{E08E898E-A014-4B36-BEE8-FE1F4A8B89C9}.Debug|Any CPU.ActiveCfg = Debug|Any CPU
		{E08E898E-A014-4B36-BEE8-FE1F4A8B89C9}.Debug|Any CPU.Build.0 = Debug|Any CPU
		{E08E898E-A014-4B36-BEE8-FE1F4A8B89C9}.Release|Any CPU.ActiveCfg = Release|Any CPU
		{E08E898E-A014-4B36-BEE8-FE1F4A8B89C9}.Release|Any CPU.Build.0 = Release|Any CPU
		{44A53175-A52E-4C75-AC79-14620253E6AB}.Debug|Any CPU.ActiveCfg = Debug|Any CPU
		{44A53175-A52E-4C75-AC79-14620253E6AB}.Debug|Any CPU.Build.0 = Debug|Any CPU
		{44A53175-A52E-4C75-AC79-14620253E6AB}.Release|Any CPU.ActiveCfg = Release|Any CPU
		{44A53175-A52E-4C75-AC79-14620253E6AB}.Release|Any CPU.Build.0 = Release|Any CPU
		{2AA48589-7451-4D1E-97CF-925BA9007ABD}.Debug|Any CPU.ActiveCfg = Debug|Any CPU
		{2AA48589-7451-4D1E-97CF-925BA9007ABD}.Debug|Any CPU.Build.0 = Debug|Any CPU
		{2AA48589-7451-4D1E-97CF-925BA9007ABD}.Release|Any CPU.ActiveCfg = Release|Any CPU
		{2AA48589-7451-4D1E-97CF-925BA9007ABD}.Release|Any CPU.Build.0 = Release|Any CPU
		{4854D254-AA7E-4C02-8021-7A56A817C227}.Debug|Any CPU.ActiveCfg = Debug|Any CPU
		{4854D254-AA7E-4C02-8021-7A56A817C227}.Debug|Any CPU.Build.0 = Debug|Any CPU
		{4854D254-AA7E-4C02-8021-7A56A817C227}.Release|Any CPU.ActiveCfg = Release|Any CPU
		{4854D254-AA7E-4C02-8021-7A56A817C227}.Release|Any CPU.Build.0 = Release|Any CPU
	EndGlobalSection
	GlobalSection(SolutionProperties) = preSolution
		HideSolutionNode = FALSE
	EndGlobalSection
	GlobalSection(ExtensibilityGlobals) = postSolution
		SolutionGuid = {A53335FA-11B8-440C-8F6C-19C5EC523F99}
	EndGlobalSection
EndGlobal
