
Microsoft Visual Studio Solution File, Format Version 12.00
# Visual Studio Version 17
VisualStudioVersion = 17.10.34916.146
MinimumVisualStudioVersion = 10.0.40219.1
Project("{FAE04EC0-301F-11D3-BF4B-00C04F79EFBC}") = "P01-SortEvenNums", "P01-SortEvenNums\P01-SortEvenNums.csproj", "{8C7AB893-030F-4038-8B27-714480086A8E}"
EndProject
Project("{FAE04EC0-301F-11D3-BF4B-00C04F79EFBC}") = "P02-CountUppercaseWords", "P02-CountUppercaseWords\P02-CountUppercaseWords.csproj", "{A631F72B-4A75-457F-A483-9495823DA951}"
EndProject
Project("{FAE04EC0-301F-11D3-BF4B-00C04F79EFBC}") = "P03-ActionPrint", "P03-ActionPrint\P03-ActionPrint.csproj", "{99EFB235-3F82-4FEA-B3C8-ABD7677C616A}"
EndProject
Global
	GlobalSection(SolutionConfigurationPlatforms) = preSolution
		Debug|Any CPU = Debug|Any CPU
		Release|Any CPU = Release|Any CPU
	EndGlobalSection
	GlobalSection(ProjectConfigurationPlatforms) = postSolution
		{8C7AB893-030F-4038-8B27-714480086A8E}.Debug|Any CPU.ActiveCfg = Debug|Any CPU
		{8C7AB893-030F-4038-8B27-714480086A8E}.Debug|Any CPU.Build.0 = Debug|Any CPU
		{8C7AB893-030F-4038-8B27-714480086A8E}.Release|Any CPU.ActiveCfg = Release|Any CPU
		{8C7AB893-030F-4038-8B27-714480086A8E}.Release|Any CPU.Build.0 = Release|Any CPU
		{A631F72B-4A75-457F-A483-9495823DA951}.Debug|Any CPU.ActiveCfg = Debug|Any CPU
		{A631F72B-4A75-457F-A483-9495823DA951}.Debug|Any CPU.Build.0 = Debug|Any CPU
		{A631F72B-4A75-457F-A483-9495823DA951}.Release|Any CPU.ActiveCfg = Release|Any CPU
		{A631F72B-4A75-457F-A483-9495823DA951}.Release|Any CPU.Build.0 = Release|Any CPU
		{99EFB235-3F82-4FEA-B3C8-ABD7677C616A}.Debug|Any CPU.ActiveCfg = Debug|Any CPU
		{99EFB235-3F82-4FEA-B3C8-ABD7677C616A}.Debug|Any CPU.Build.0 = Debug|Any CPU
		{99EFB235-3F82-4FEA-B3C8-ABD7677C616A}.Release|Any CPU.ActiveCfg = Release|Any CPU
		{99EFB235-3F82-4FEA-B3C8-ABD7677C616A}.Release|Any CPU.Build.0 = Release|Any CPU
	EndGlobalSection
	GlobalSection(SolutionProperties) = preSolution
		HideSolutionNode = FALSE
	EndGlobalSection
	GlobalSection(ExtensibilityGlobals) = postSolution
		SolutionGuid = {897B9E27-47C8-4B75-BF2A-65225FB47C69}
	EndGlobalSection
EndGlobal
